{
  "version": 1,
  "dependencies": {
    "net10.0": {
      "bunit": {
        "type": "Direct",
        "requested": "[2.8.6, )",
        "resolved": "2.8.6",
        "contentHash": "kBGHiCrn0LvUGRiDaqLxBewZXAOIIqYlJTcfh/+yaMc5XOzWm2eeuDl2+3ksK3AuLSSnVitmCLu8n1RV9CXpSQ==",
        "dependencies": {
          "AngleSharp": "1.5.2",
          "AngleSharp.Css": "1.0.0-beta.224",
          "AngleSharp.Diffing": "1.1.1",
          "Microsoft.AspNetCore.Components": "10.0.10",
          "Microsoft.AspNetCore.Components.Authorization": "10.0.10",
          "Microsoft.AspNetCore.Components.Web": "10.0.10",
          "Microsoft.AspNetCore.Components.WebAssembly": "10.0.10",
          "Microsoft.AspNetCore.Components.WebAssembly.Authentication": "10.0.10",
          "Microsoft.Extensions.Caching.Memory": "10.0.10",
          "Microsoft.Extensions.Localization.Abstractions": "10.0.10",
          "Microsoft.Extensions.Logging": "10.0.10",
          "Microsoft.Extensions.Logging.Abstractions": "10.0.10"
        }
      },
      "coverlet.collector": {
        "type": "Direct",
        "requested": "[8.0.1, )",
        "resolved": "8.0.1",
        "contentHash": "heVQl5tKYnnIDYlR1QMVGueYH6iriZTcZB6AjDczQNwZzxkjDIt9C84Pt4cCiZYrbo7jkZOYGWbs6Lo9wAtVLg=="
      },
      "Microsoft.NET.Test.Sdk": {
        "type": "Direct",
        "requested": "[18.8.1, )",
        "resolved": "18.8.1",
        "contentHash": "dknJL3/9Y3t4XuCBqnc0PevPxgLsUMmVhjwup/b1HNovA8zWcj3XsfIf7c6p05363DWcqL7X/YhDL9B+Zymv1w==",
        "dependencies": {
          "Microsoft.CodeCoverage": "18.8.1",
          "Microsoft.TestPlatform.TestHost": "18.8.1"
        }
      },
      "Moq": {
        "type": "Direct",
        "requested": "[4.20.72, )",
        "resolved": "4.20.72",
        "contentHash": "EA55cjyNn8eTNWrgrdZJH5QLFp2L43oxl1tlkoYUKIE9pRwL784OWiTXeCV5ApS+AMYEAlt7Fo03A2XfouvHmQ==",
        "dependencies": {
          "Castle.Core": "5.1.1"
        }
      },
      "NUnit": {
        "type": "Direct",
        "requested": "[4.6.1, )",
        "resolved": "4.6.1",
        "contentHash": "xS4+YaBFUv1r8bcAbjitSfYaRZGfMwUiMdiaRziBXZpKgVxKDSHhjUn0mV5mObHGZRZq6eNa+WFWr3g8grj66A=="
      },
      "NUnit3TestAdapter": {
        "type": "Direct",
        "requested": "[6.2.0, )",
        "resolved": "6.2.0",
        "contentHash": "8PMJB8za2u8S0ey/nEtvh9BHjLhv5yzUEMCmA0+VIPLKSeOAZ3TEHWDyAp0+iPQb3jnBH1o8k0PoU2FgzXLRnQ==",
        "dependencies": {
          "Microsoft.Extensions.DependencyModel": "8.0.2",
          "Microsoft.Testing.Extensions.VSTestBridge": "2.1.0",
          "Microsoft.Testing.Platform.MSBuild": "2.1.0"
        }
      },
      "AngleSharp": {
        "type": "Transitive",
        "resolved": "1.5.2",
        "contentHash": "LVZ7rrr6GHbhERhTgVDarVygl1e6KwE96pronA90LBOMacDhxR4lB+xYLjn/vlnUu+xbOB2RM9fuCPEx5bdyWA=="
      },
      "AngleSharp.Css": {
        "type": "Transitive",
        "resolved": "1.0.0-beta.224",
        "contentHash": "BF/hPs8sRjhR+rYkBom7WaMLN0w36Qvnu+WvoHK/gL67MrQOONkkivBTGilvta4sNix5Y8T9XVlZsRI8IU2/vA==",
        "dependencies": {
          "AngleSharp": "[1.5.0, 2.0.0)"
        }
      },
      "AngleSharp.Diffing": {
        "type": "Transitive",
        "resolved": "1.1.1",
        "contentHash": "Uzz5895TpRyMA4t8GExmq4TxXqi3+bZTgb3kJgH+tdwrSuo9CO6Dlmv+Oqyhb2pNRfbnReLUzhlHAuT7c+3jSg==",
        "dependencies": {
          "AngleSharp": "1.1.2",
          "AngleSharp.Css": "1.0.0-beta.144"
        }
      },
      "Asp.Versioning.Abstractions": {
        "type": "Transitive",
        "resolved": "10.1.0",
        "contentHash": "RwdgC5O0baZ4pt30pAKKPQHq2CV4unBKA4HWoTeu7NY9ZwXM0dWYGf1Ipc5GK0eFBe9cMeqz4pGpPncMz4/ZNQ==",
        "dependencies": {
          "Microsoft.Extensions.Primitives": "10.0.0"
        }
      },
      "Asp.Versioning.Http": {
        "type": "Transitive",
        "resolved": "10.0.1",
        "contentHash": "g0ayV/9ho3tGgooC6eF5p1063I1WzlxFJDYQrigcGnW+mLvui6eXrcW5hzTHhQREroUR3ZwXQrIN2SAIoi+KDw==",
        "dependencies": {
          "Asp.Versioning.Abstractions": "10.1.0"
        }
      },
      "Asp.Versioning.Mvc": {
        "type": "Transitive",
        "resolved": "10.0.1",
        "contentHash": "OqoFPKKxXkNmw62H3CgXkPrf1L4PPwwyYr9QMP6itt/khKTIayqaHhK6F2e3jt6KHc4s23cWAUbu+Z5GPEeMaw==",
        "dependencies": {
          "Asp.Versioning.Http": "10.0.1"
        }
      },
      "Asp.Versioning.Mvc.ApiExplorer": {
        "type": "Transitive",
        "resolved": "10.0.1",
        "contentHash": "ylPZe+LheFp0pt2tSMq2pPeGAkMLqWVOn5+1/xOB/eUj889n9b35Sny08bSQ0ziAGIFjp3BBTXaYsWJjRoFV4A==",
        "dependencies": {
          "Asp.Versioning.Mvc": "10.0.1"
        }
      },
      "Castle.Core": {
        "type": "Transitive",
        "resolved": "5.1.1",
        "contentHash": "rpYtIczkzGpf+EkZgDr9CClTdemhsrwA/W5hMoPjLkRFnXzH44zDLoovXeKtmxb1ykXK9aJVODSpiJml8CTw2g==",
        "dependencies": {
          "System.Diagnostics.EventLog": "6.0.0"
        }
      },
      "CsvHelper": {
        "type": "Transitive",
        "resolved": "33.1.0",
        "contentHash": "kqfTOZGrn7NarNeXgjh86JcpTHUoeQDMB8t9NVa/ZtlSYiV1rxfRnQ49WaJsob4AiGrbK0XDzpyKkBwai4F8eg=="
      },
      "DynamicExpresso.Core": {
        "type": "Transitive",
        "resolved": "2.19.3",
        "contentHash": "84cSMvhcLON2JUQshIvcEAGMtE5rI7FOlcCT0QC42XPZ12A//qDHWKrB5QUfRrQQlDZZZ7TiLAm7mcrywygmpg=="
      },
      "Humanizer.Core": {
        "type": "Transitive",
        "resolved": "3.0.10",
        "contentHash": "yZIhtw8sYuvsONzQbZxWpR60tMWYHXoo0DL6nyOqSFiU5POjBTSEyWFpTQtJEZuy+oqiYTXKXY/Mjx7KnqIQFw=="
      },
      "Microsoft.ApplicationInsights": {
        "type": "Transitive",
        "resolved": "2.23.0",
        "contentHash": "nWArUZTdU7iqZLycLKWe0TDms48KKGE6pONH2terYNa8REXiqixrMOkf1sk5DHGMaUTqONU2YkS4SAXBhLStgw=="
      },
      "Microsoft.AspNetCore.Authentication.JwtBearer": {
        "type": "Transitive",
        "resolved": "10.0.10",
        "contentHash": "VAcqS42zb9WJd9DjPdkVTS5YrQENmNzPNJuRu8VAW7x3TEWUipc4d4hHzVJdFB0h/KLdr4XcXZzRHcUOKVanMQ==",
        "dependencies": {
          "Microsoft.IdentityModel.Protocols.OpenIdConnect": "8.19.2"
        }
      },
      "Microsoft.AspNetCore.Authentication.OpenIdConnect": {
        "type": "Transitive",
        "resolved": "10.0.10",
        "contentHash": "JSFSrOzl1N1iBbUIVGVdB+WaKeswxHR6qJAlE+PxImYZPhSM8KlrBRRSi3Oxytpx3DY25W8BJMKHvtMbHBxFZg==",
        "dependencies": {
          "Microsoft.IdentityModel.Protocols.OpenIdConnect": "8.19.2"
        }
      },
      "Microsoft.AspNetCore.Authorization": {
        "type": "Transitive",
        "resolved": "10.0.10",
        "contentHash": "FxWC2bc788/51CiSiMkKW5gQyqrSSs1991BhphS6ZARMGii+3Qr355Q9OSB/nBpdHVjIopfegAhreZ6UPpO9WA==",
        "dependencies": {
          "Microsoft.AspNetCore.Metadata": "10.0.10",
          "Microsoft.Extensions.Diagnostics": "10.0.10",
          "Microsoft.Extensions.Logging.Abstractions": "10.0.10",
          "Microsoft.Extensions.Options": "10.0.10"
        }
      },
      "Microsoft.AspNetCore.Components": {
        "type": "Transitive",
        "resolved": "10.0.10",
        "contentHash": "wlCBFU9YxqhUc2kVbl/FCGNFSbRjS312WVk9YRVjs/OcZ+Yqa9QsD7z+UcBzNNAbcPpEM98f/PaaD6lHt5rmIg==",
        "dependencies": {
          "Microsoft.AspNetCore.Authorization": "10.0.10",
          "Microsoft.AspNetCore.Components.Analyzers": "10.0.10"
        }
      },
      "Microsoft.AspNetCore.Components.Analyzers": {
        "type": "Transitive",
        "resolved": "10.0.10",
        "contentHash": "ZBJobkEDv6yWftw3ycZMkuV9YpvJOBmjWpg2UbQ0Ol4THObhKai0PNl/SGFBmpw03JKCPA63RgplQOA1LQbRDg=="
      },
      "Microsoft.AspNetCore.Components.Authorization": {
        "type": "Transitive",
        "resolved": "10.0.10",
        "contentHash": "em2xVQkvtn3BHFT3J9pp4K3yDgPnp0S5a+gcGxb6xkjqy+81yDa8XEEaQnkruCVRusFMltORFFmnlrnHa/A90w==",
        "dependencies": {
          "Microsoft.AspNetCore.Authorization": "10.0.10",
          "Microsoft.AspNetCore.Components": "10.0.10"
        }
      },
      "Microsoft.AspNetCore.Components.Forms": {
        "type": "Transitive",
        "resolved": "10.0.10",
        "contentHash": "09cKk0/t83Y5DN5ne4J9Y+OiLJEQ+XBFGIoD0UXAnae8yQEkFa/OYbX0bBGkx0k5r5ndta/CMdlMk3lCG81R0g==",
        "dependencies": {
          "Microsoft.AspNetCore.Components": "10.0.10",
          "Microsoft.Extensions.Validation": "10.0.10"
        }
      },
      "Microsoft.AspNetCore.Components.Web": {
        "type": "Transitive",
        "resolved": "10.0.10",
        "contentHash": "8+cyStKhSy94Q2L/2zmgk0H1f+GKvBGEvTImT0qdsCqeNbT7ilGDKTIJ1PiugsPtSNLuUEABUqMpA3rE1yAKFg==",
        "dependencies": {
          "Microsoft.AspNetCore.Components": "10.0.10",
          "Microsoft.AspNetCore.Components.Forms": "10.0.10",
          "Microsoft.Extensions.DependencyInjection": "10.0.10",
          "Microsoft.Extensions.Primitives": "10.0.10",
          "Microsoft.JSInterop": "10.0.10"
        }
      },
      "Microsoft.AspNetCore.Components.WebAssembly": {
        "type": "Transitive",
        "resolved": "10.0.10",
        "contentHash": "0Zib7U6HmGw4Noj/+yJz1YuEJwo3XOV0iLezXDLFsrHTaC8L+KUOR/1+1tX7AAeipDG6jP3gPZOwpirk6G3LYQ==",
        "dependencies": {
          "Microsoft.AspNetCore.Components.Web": "10.0.10",
          "Microsoft.Extensions.Configuration.Binder": "10.0.10",
          "Microsoft.Extensions.Configuration.Json": "10.0.10",
          "Microsoft.Extensions.Logging": "10.0.10",
          "Microsoft.JSInterop.WebAssembly": "10.0.10"
        }
      },
      "Microsoft.AspNetCore.Components.WebAssembly.Authentication": {
        "type": "Transitive",
        "resolved": "10.0.10",
        "contentHash": "D2GIsqVJ2+tVDViJmbEF4tc+gxhdAl5xkBAMZHWCJV7Pt+oBkU2omBSRbgVTq3N2OgreVNSp7w+FrZNgu97d5A==",
        "dependencies": {
          "Microsoft.AspNetCore.Components.Authorization": "10.0.10",
          "Microsoft.AspNetCore.Components.Web": "10.0.10"
        }
      },
      "Microsoft.AspNetCore.Cryptography.Internal": {
        "type": "Transitive",
        "resolved": "10.0.10",
        "contentHash": "T/kOT3kAVZU1B0QlpRxASpdbAJ/o5DLFW7bWS6vyE44uMqPmojEcaFENt6ww1xaLH++ZNwsEJ1YUOwPK050lNQ=="
      },
      "Microsoft.AspNetCore.DataProtection": {
        "type": "Transitive",
        "resolved": "10.0.10",
        "contentHash": "5sfrNrBShTlJeXvWNxjPS7ilLY4H6MICZPMZr/2vjoDoBH5Z8sQYJwbhulqfXh4yIpxIto0TcmOQHOElvpq+iQ==",
        "dependencies": {
          "Microsoft.AspNetCore.Cryptography.Internal": "10.0.10",
          "Microsoft.AspNetCore.DataProtection.Abstractions": "10.0.10",
          "Microsoft.Extensions.DependencyInjection.Abstractions": "10.0.10",
          "Microsoft.Extensions.Hosting.Abstractions": "10.0.10",
          "Microsoft.Extensions.Logging.Abstractions": "10.0.10",
          "Microsoft.Extensions.Options": "10.0.10",
          "System.Security.Cryptography.Xml": "10.0.10"
        }
      },
      "Microsoft.AspNetCore.DataProtection.Abstractions": {
        "type": "Transitive",
        "resolved": "10.0.10",
        "contentHash": "q2RNx0N/qrsU+JgbPE78I9pu5ekwguitAFVoeE1NCgxtkUTguvf7oTzBnn42zSQxuugJ4fmj0RSarob8Rvorrg=="
      },
      "Microsoft.AspNetCore.DataProtection.Extensions": {
        "type": "Transitive",
        "resolved": "10.0.10",
        "contentHash": "DNLmtFLG0SXR5fh1NddYsXJMw1rYs/SQyy8UXcUwqnwPlmbXHFRUNDhPVwpYt9+YEO8TtfZme2POmkFAkS1wRA==",
        "dependencies": {
          "Microsoft.AspNetCore.DataProtection": "10.0.10",
          "Microsoft.Extensions.DependencyInjection": "10.0.10"
        }
      },
      "Microsoft.AspNetCore.Metadata": {
        "type": "Transitive",
        "resolved": "10.0.10",
        "contentHash": "nmZYV9OQ69r3EDOj0SW1JLgD4uFHfMNDKb8mk8Mf4y0Enw3AzkMD85zPuAk5FqmEz8PS0WagR/tJCwLg8xpI3Q=="
      },
      "Microsoft.AspNetCore.OpenApi": {
        "type": "Transitive",
        "resolved": "10.0.10",
        "contentHash": "d4Atx9IHq7JgX0F/h7Db+m9zAUzC+cKdI9k+OWnnyQIOUQtfvjIEuhvbjPigVMkAmPUgCbJ8Yp6M9ghUqHtJSQ==",
        "dependencies": {
          "Microsoft.OpenApi": "2.0.0"
        }
      },
      "Microsoft.Bcl.Cryptography": {
        "type": "Transitive",
        "resolved": "10.0.2",
        "contentHash": "LG9Yll3B5aNpxv0+D47g6LiOiKBIlodhcHdQwcYzo8VeexFLGqx5ymetmA2aBRyo9cCcWsQWrFsdbsr8LvmWDw=="
      },
      "Microsoft.CodeCoverage": {
        "type": "Transitive",
        "resolved": "18.8.1",
        "contentHash": "Eclse/ZZjr4lmWzZFNN9h/OluhKL+SK/QbUyKUewgX139aGeyMEO/DkMPwuFs2MixvanTnz6891rF8UHDg+W4Q=="
      },
      "Microsoft.Data.SqlClient": {
        "type": "Transitive",
        "resolved": "7.0.2",
        "contentHash": "zwv76lANFQQI6Gmp6ntkzMWIWVqm8Wf4Mz00AeGCk1n8HCi5afi6bNynSe18uI0xeL0n6J+Myjk9AiIsL5oSqw==",
        "dependencies": {
          "Microsoft.Bcl.Cryptography": "9.0.13",
          "Microsoft.Data.SqlClient.Extensions.Abstractions": "[7.0.2, 8.0.0)",
          "Microsoft.Data.SqlClient.Internal.Logging": "[7.0.2, 8.0.0)",
          "Microsoft.Data.SqlClient.SNI.runtime": "[6.0.2, 7.0.0)",
          "Microsoft.Extensions.Caching.Memory": "9.0.13",
          "Microsoft.IdentityModel.JsonWebTokens": "8.16.0",
          "Microsoft.IdentityModel.Protocols.OpenIdConnect": "8.16.0",
          "Microsoft.SqlServer.Server": "[1.0.0, 2.0.0)",
          "System.Configuration.ConfigurationManager": "9.0.13",
          "System.Security.Cryptography.Pkcs": "9.0.13"
        }
      },
      "Microsoft.Data.SqlClient.Extensions.Abstractions": {
        "type": "Transitive",
        "resolved": "7.0.2",
        "contentHash": "Zx7z61fG2Nc6LdDn4jA7b5Aj1ABrljkOPRE31RvVUdjF6IgbG60leDUhMCafsnWFgaheiK3iqpLe+kbf5Z5L8Q==",
        "dependencies": {
          "Microsoft.Data.SqlClient.Internal.Logging": "[7.0.2, 8.0.0)"
        }
      },
      "Microsoft.Data.SqlClient.Internal.Logging": {
        "type": "Transitive",
        "resolved": "7.0.2",
        "contentHash": "iqgYBbGSVy/DIYWjzmQOa964Kn4rs4wW5vg2IamqVK0fQqfTiILVR5hMK27XWqoyONtAZs+VxH354cPJBtSnbg=="
      },
      "Microsoft.Data.SqlClient.SNI.runtime": {
        "type": "Transitive",
        "resolved": "6.0.2",
        "contentHash": "f+pRODTWX7Y67jXO3T5S2dIPZ9qMJNySjlZT/TKmWVNWe19N8jcWmHaqHnnchaq3gxEKv1SWVY5EFzOD06l41w=="
      },
      "Microsoft.EntityFrameworkCore": {
        "type": "Transitive",
        "resolved": "10.0.10",
        "contentHash": "a0V7zj/VbYP6dTdWpUgE/r2PuLKtUGe2aJ0lVKkn/wP9ZhaxUz2kQydVfvOjCv2SKxlrqdBfHhPD4Cvlf+4ffA==",
        "dependencies": {
          "Microsoft.EntityFrameworkCore.Abstractions": "10.0.10",
          "Microsoft.EntityFrameworkCore.Analyzers": "10.0.10",
          "Microsoft.Extensions.Caching.Memory": "10.0.10",
          "Microsoft.Extensions.Logging": "10.0.10"
        }
      },
      "Microsoft.EntityFrameworkCore.Abstractions": {
        "type": "Transitive",
        "resolved": "10.0.10",
        "contentHash": "bOzrFCl6uZCjaSh2bG1ToRQRdx+iXvxosCg9hFyG9OWeAzOFI4xev9OqKeWfKf/kAHyox2JnbcvLVf2ceA7sqA=="
      },
      "Microsoft.EntityFrameworkCore.Analyzers": {
        "type": "Transitive",
        "resolved": "10.0.10",
        "contentHash": "2gLDordUCGf3aNOOuqtTbP5mxhiP9nk6TnvGiE3RnqT891O+Zf/qKu1PIREubs1M16A0SImr4vULBfU5BTDs1Q=="
      },
      "Microsoft.EntityFrameworkCore.Relational": {
        "type": "Transitive",
        "resolved": "10.0.10",
        "contentHash": "wNonj40aZxia+GtuBiiD6ZqVh4h6y5Nje1bGdmzZ8/ui0QRsAN+S0SIrLHFCEGbG9cDbeaE40sh+Lr7o9rRs6g==",
        "dependencies": {
          "Microsoft.EntityFrameworkCore": "10.0.10",
          "Microsoft.Extensions.Caching.Memory": "10.0.10",
          "Microsoft.Extensions.Configuration.Abstractions": "10.0.10",
          "Microsoft.Extensions.Logging": "10.0.10"
        }
      },
      "Microsoft.Extensions.Caching.Abstractions": {
        "type": "Transitive",
        "resolved": "10.0.10",
        "contentHash": "4ZFBNE+jzR+CrWWlhOesnmywCW7pYKT0dxyAQRdL11yJwxe4jvcAu31eorFtEkoFeCDcUTeNssgPv2yaRRptaQ==",
        "dependencies": {
          "Microsoft.Extensions.Primitives": "10.0.10"
        }
      },
      "Microsoft.Extensions.Caching.Memory": {
        "type": "Transitive",
        "resolved": "10.0.10",
        "contentHash": "N1w5H7uK6gCTnCBZAWzE0/EQYSPysij/uYwDqntqBVvBa6bjMmBKitsnEFd6yh/SX3wLm67nO6+OnZ84K+gZWg==",
        "dependencies": {
          "Microsoft.Extensions.Caching.Abstractions": "10.0.10",
          "Microsoft.Extensions.DependencyInjection.Abstractions": "10.0.10",
          "Microsoft.Extensions.Logging.Abstractions": "10.0.10",
          "Microsoft.Extensions.Options": "10.0.10",
          "Microsoft.Extensions.Primitives": "10.0.10"
        }
      },
      "Microsoft.Extensions.Configuration": {
        "type": "Transitive",
        "resolved": "10.0.10",
        "contentHash": "plJWK2zpWuuyxI8F8s2scx6Je7N1Ajjs6HvYUGKwRnDMWIVIz9FHwAkiT7ASgrvAOd10T0FPVlh9BzAJJME+jg==",
        "dependencies": {
          "Microsoft.Extensions.Configuration.Abstractions": "10.0.10",
          "Microsoft.Extensions.Primitives": "10.0.10"
        }
      },
      "Microsoft.Extensions.Configuration.Abstractions": {
        "type": "Transitive",
        "resolved": "10.0.10",
        "contentHash": "5Vnd2I75DmZCVEjSynIdJ/0EGafgnLQwgR3t2C2/fkjx/nRG+cLwxLLdInoHeCEpkD5K4Ov/g9ZCRYrl4TRsaA==",
        "dependencies": {
          "Microsoft.Extensions.Primitives": "10.0.10"
        }
      },
      "Microsoft.Extensions.Configuration.Binder": {
        "type": "Transitive",
        "resolved": "10.0.10",
        "contentHash": "GqmN2o1CkJvk7uWp+p4CwBYW0w/zfoEbvsiFDbO2G8l1Uz+mrDAbAcZiXhU2lufKPby1cjAUdd5GTWpebYOkOA==",
        "dependencies": {
          "Microsoft.Extensions.Configuration": "10.0.10",
          "Microsoft.Extensions.Configuration.Abstractions": "10.0.10"
        }
      },
      "Microsoft.Extensions.Configuration.FileExtensions": {
        "type": "Transitive",
        "resolved": "10.0.10",
        "contentHash": "ZOhZYwvbXGTgGVRwswIirofEMVHuWdxjdh0JeUZXwaF9cgcjXdz/t0ELtgaevw7ezTyv47yPNCgGreWtLkn3IQ==",
        "dependencies": {
          "Microsoft.Extensions.Configuration": "10.0.10",
          "Microsoft.Extensions.Configuration.Abstractions": "10.0.10",
          "Microsoft.Extensions.FileProviders.Abstractions": "10.0.10",
          "Microsoft.Extensions.FileProviders.Physical": "10.0.10",
          "Microsoft.Extensions.Primitives": "10.0.10"
        }
      },
      "Microsoft.Extensions.Configuration.Json": {
        "type": "Transitive",
        "resolved": "10.0.10",
        "contentHash": "uvJ6sHwjgrkMEJOgiC76G0mcZGXerwyyWkwX34EOjCbxKG6TCtfAoqDKAMsCvEBf9HxjlGQEgqsSMOGCmGBf+A==",
        "dependencies": {
          "Microsoft.Extensions.Configuration": "10.0.10",
          "Microsoft.Extensions.Configuration.Abstractions": "10.0.10",
          "Microsoft.Extensions.Configuration.FileExtensions": "10.0.10",
          "Microsoft.Extensions.FileProviders.Abstractions": "10.0.10"
        }
      },
      "Microsoft.Extensions.DependencyInjection": {
        "type": "Transitive",
        "resolved": "10.0.10",
        "contentHash": "ANyvsgkNBRvcJh2XLgn8veGmajf+8m0AbKK+HPWdRL1yraSNVVSmQhFntLtdz/C795jxqqup+k05cs/3jZQPOA==",
        "dependencies": {
          "Microsoft.Extensions.DependencyInjection.Abstractions": "10.0.10"
        }
      },
      "Microsoft.Extensions.DependencyInjection.Abstractions": {
        "type": "Transitive",
        "resolved": "10.0.10",
        "contentHash": "z/2xXlFw2aLGjHyEm6E0tQ+In6VfzQzTrtArbQ2c0TQE16ZbyDCMGPvaUT9I0s8rgy9sRWlU2P9waW37qV04qA=="
      },
      "Microsoft.Extensions.DependencyModel": {
        "type": "Transitive",
        "resolved": "10.0.0",
        "contentHash": "RFYJR7APio/BiqdQunRq6DB+nDB6nc2qhHr77mlvZ0q0BT8PubMXN7XicmfzCbrDE/dzhBnUKBRXLTcqUiZDGg=="
      },
      "Microsoft.Extensions.Diagnostics": {
        "type": "Transitive",
        "resolved": "10.0.10",
        "contentHash": "Kr/e7lUf4+N8tacbqJ2Ctwe/HarKdAc9ZkgKVVqvtJDBKbez+T/KnUwu82KSlnBp/SrpBcxc7u7xkE2oUZT/5Q==",
        "dependencies": {
          "Microsoft.Extensions.Configuration": "10.0.10",
          "Microsoft.Extensions.Diagnostics.Abstractions": "10.0.10",
          "Microsoft.Extensions.Options.ConfigurationExtensions": "10.0.10"
        }
      },
      "Microsoft.Extensions.Diagnostics.Abstractions": {
        "type": "Transitive",
        "resolved": "10.0.10",
        "contentHash": "9uWiKpeOVac355STyChWR/pliFX/5CeLqChW9kKsaxyDH4EUTZxMkT4Jwp/J/peLm0GBFmSX5c0WCse3yCnq1Q==",
        "dependencies": {
          "Microsoft.Extensions.DependencyInjection.Abstractions": "10.0.10",
          "Microsoft.Extensions.Options": "10.0.10"
        }
      },
      "Microsoft.Extensions.FileProviders.Abstractions": {
        "type": "Transitive",
        "resolved": "10.0.10",
        "contentHash": "c5zqFCY9DiIpMovLd7/d/CTiEtrMOuQ639dhv3PABtKQIKNQikSHwQt8+N679uii9q+B55lgK28Uv64FOwEu8w==",
        "dependencies": {
          "Microsoft.Extensions.Primitives": "10.0.10"
        }
      },
      "Microsoft.Extensions.FileProviders.Physical": {
        "type": "Transitive",
        "resolved": "10.0.10",
        "contentHash": "jhJAyo38kSrH3ARvWUk0h8itogVnQu2DCZuPo+s0Z+tXes0ugTxMPaHYzap85785eHQmPFqD9TYERqBbtGxn/w==",
        "dependencies": {
          "Microsoft.Extensions.FileProviders.Abstractions": "10.0.10",
          "Microsoft.Extensions.FileSystemGlobbing": "10.0.10",
          "Microsoft.Extensions.Primitives": "10.0.10"
        }
      },
      "Microsoft.Extensions.FileSystemGlobbing": {
        "type": "Transitive",
        "resolved": "10.0.10",
        "contentHash": "jSOCVxEwCd4Aq925kJVz1kSO1EpX2OHYKL04qVREXkDU7Ce3pVDdHPYm+fEy8y/th2kJf/DAstRHpJAqoNWP8w=="
      },
      "Microsoft.Extensions.Hosting.Abstractions": {
        "type": "Transitive",
        "resolved": "10.0.10",
        "contentHash": "5LugpYGHk+mkn0a8IZgcyfBca8PCTAU9RQFoMrTdtOOidq88M2SI5f3px6ugnzgxC+eTkvYYJi8pzlUnG5xdAQ==",
        "dependencies": {
          "Microsoft.Extensions.Configuration.Abstractions": "10.0.10",
          "Microsoft.Extensions.DependencyInjection.Abstractions": "10.0.10",
          "Microsoft.Extensions.Diagnostics.Abstractions": "10.0.10",
          "Microsoft.Extensions.FileProviders.Abstractions": "10.0.10",
          "Microsoft.Extensions.Logging.Abstractions": "10.0.10"
        }
      },
      "Microsoft.Extensions.Localization": {
        "type": "Transitive",
        "resolved": "10.0.1",
        "contentHash": "yJBI3IRm9uTRu7cPc7i90/8+CuiiJJ5M4khj6iWQcYnq6VrG+H2U5GzpRLtkVCsgxc1LjtkNMEbSDatfBA+z5g==",
        "dependencies": {
          "Microsoft.Extensions.DependencyInjection.Abstractions": "10.0.1",
          "Microsoft.Extensions.Localization.Abstractions": "10.0.1",
          "Microsoft.Extensions.Logging.Abstractions": "10.0.1",
          "Microsoft.Extensions.Options": "10.0.1"
        }
      },
      "Microsoft.Extensions.Localization.Abstractions": {
        "type": "Transitive",
        "resolved": "10.0.10",
        "contentHash": "j1DygDJR1wP3LG3d7a1rTFPUZcPfhMggcmDEGKhK2iLK0TuAIaW9bHiq1f9k650gdsXsANTm71hEg/k9msNnAQ=="
      },
      "Microsoft.Extensions.Logging": {
        "type": "Transitive",
        "resolved": "10.0.10",
        "contentHash": "Tf6z5HsL0VDYRTfvsoNrTGHGheCwkTsZBA2FFh5ATJUbkAwug+FFNISJK2gjpUNemlAOoWllAK52HOWCjto3EQ==",
        "dependencies": {
          "Microsoft.Extensions.DependencyInjection": "10.0.10",
          "Microsoft.Extensions.Logging.Abstractions": "10.0.10",
          "Microsoft.Extensions.Options": "10.0.10"
        }
      },
      "Microsoft.Extensions.Logging.Abstractions": {
        "type": "Transitive",
        "resolved": "10.0.10",
        "contentHash": "zkFxGYUvdxAvIKTyXHrmW+Sux53D4SezD9dMyZ6hrwwzPQJNuwCRy1f5W7AvYTqacEGhWF2XderRQG1OvbV8og==",
        "dependencies": {
          "Microsoft.Extensions.DependencyInjection.Abstractions": "10.0.10"
        }
      },
      "Microsoft.Extensions.Options": {
        "type": "Transitive",
        "resolved": "10.0.10",
        "contentHash": "srnhnk7nE8krBiIXp71LvBmKBtraBONWSRzdjJgRv1Ko9Mp8IVNqv4vIS9hGeVteBig8aQkva9ZG+sC+o5sVcA==",
        "dependencies": {
          "Microsoft.Extensions.DependencyInjection.Abstractions": "10.0.10",
          "Microsoft.Extensions.Primitives": "10.0.10"
        }
      },
      "Microsoft.Extensions.Options.ConfigurationExtensions": {
        "type": "Transitive",
        "resolved": "10.0.10",
        "contentHash": "tnBmu/LwF25ZQK+HBNCu2xrwnkKoB/XEbJyooGGoYxHrhvxbSKi7eOFiJ4AXBy/QU4vtCvCJfoi8k9Ej72qzOQ==",
        "dependencies": {
          "Microsoft.Extensions.Configuration.Abstractions": "10.0.10",
          "Microsoft.Extensions.Configuration.Binder": "10.0.10",
          "Microsoft.Extensions.DependencyInjection.Abstractions": "10.0.10",
          "Microsoft.Extensions.Options": "10.0.10",
          "Microsoft.Extensions.Primitives": "10.0.10"
        }
      },
      "Microsoft.Extensions.Primitives": {
        "type": "Transitive",
        "resolved": "10.0.10",
        "contentHash": "5wu/GrYVd8mG2DVUw3vFJzF+O336TyTGg/Kmcgw9bfwYhCoFiV5lR5QeEmKecJyrW4W54nMfD3p3589E8a7czQ=="
      },
      "Microsoft.Extensions.Validation": {
        "type": "Transitive",
        "resolved": "10.0.10",
        "contentHash": "d77zBZk+Z4uo6hEuLvMY+yMjLkn2T/vX5c2sB0sdoSxQVZk7qvec6SuORp2/uZp7UchX4hNp+VJm4GsoSE0waA==",
        "dependencies": {
          "Microsoft.Extensions.DependencyInjection.Abstractions": "10.0.10",
          "Microsoft.Extensions.Options": "10.0.10"
        }
      },
      "Microsoft.IdentityModel.Abstractions": {
        "type": "Transitive",
        "resolved": "8.19.2",
        "contentHash": "HJbo/lnSfNHUfphPRT910poQc4T2/9+8svFLvzuaYHGAOJ2Tu+oEDqpX0BVP3BJ4OuUM1kylEKyaiX2fCAK3Cw=="
      },
      "Microsoft.IdentityModel.JsonWebTokens": {
        "type": "Transitive",
        "resolved": "8.19.2",
        "contentHash": "ui3fuBT4fs8kdKfBthI4NzLYIBIneEVS8UrL1JVBzAn80UiKmngBBi0BEByE7n/9c+EElcfFlCMFFTqpkBSLNA==",
        "dependencies": {
          "Microsoft.IdentityModel.Tokens": "8.19.2"
        }
      },
      "Microsoft.IdentityModel.Logging": {
        "type": "Transitive",
        "resolved": "8.19.2",
        "contentHash": "r5YLDIxGOnkVJHrqXv/iD1FM1CgGrQOdriXuvuWvTPmKbnGANhEysq9XKmN6IHjf2a+9bAGEpnoRBsAQlvJU5w==",
        "dependencies": {
          "Microsoft.IdentityModel.Abstractions": "8.19.2"
        }
      },
      "Microsoft.IdentityModel.Protocols": {
        "type": "Transitive",
        "resolved": "8.19.2",
        "contentHash": "sGxSsSrZXNmca6D+jHH2rVRyo2nNRd/g4H9CFbPmLLq0xgoH1U0orLWE5minfijw7+zq49tBs7txenbfAErRoQ==",
        "dependencies": {
          "Microsoft.IdentityModel.Tokens": "8.19.2"
        }
      },
      "Microsoft.IdentityModel.Protocols.OpenIdConnect": {
        "type": "Transitive",
        "resolved": "8.19.2",
        "contentHash": "1XOcyY36cVymzE3qKdzKaUEZ4Pzt7ZpSa14JZoPPK1NLFUkQDs85TCqpV6XDo0YjFXj6nVK00AfOHppjghjhtw==",
        "dependencies": {
          "Microsoft.IdentityModel.Protocols": "8.19.2",
          "System.IdentityModel.Tokens.Jwt": "8.19.2"
        }
      },
      "Microsoft.IdentityModel.Tokens": {
        "type": "Transitive",
        "resolved": "8.19.2",
        "contentHash": "GtPC1S02uH1gOO4fQ+zRysIicKmEXaYFP8PIkdJYXqMyruYhopre4ozVHp0XiDSA0+GJvOZH9prxCPvgBMg4Ww==",
        "dependencies": {
          "Microsoft.Bcl.Cryptography": "10.0.2",
          "Microsoft.Extensions.Logging.Abstractions": "8.0.0",
          "Microsoft.IdentityModel.Logging": "8.19.2"
        }
      },
      "Microsoft.JSInterop": {
        "type": "Transitive",
        "resolved": "10.0.10",
        "contentHash": "VivWvz1iFR3Ntf/e5/xci6o/MF2tcHiprNkhRlL+gMkBoDjQJCioiO+Gwp/DP8scuzqbp3b9C3wh+zuy4pD4AA=="
      },
      "Microsoft.JSInterop.WebAssembly": {
        "type": "Transitive",
        "resolved": "10.0.10",
        "contentHash": "FjPAGQWbCP85FWY2Wl9opHSsY+u9nZb8Ui6eTVHEMY/RJateOhW78jEtC4QOQ/6slkS1MKyIAF6ZHIrUR1fX/w==",
        "dependencies": {
          "Microsoft.JSInterop": "10.0.10"
        }
      },
      "Microsoft.OpenApi": {
        "type": "Transitive",
        "resolved": "2.11.0",
        "contentHash": "/ignjfdeKT2SGLIR7QEv19KnI0rvoxRG/TYDOZdK9EsWLjKK9IK8i1Mo5NRm9PRV3i64DzlTqnIflWvoyfljLg=="
      },
      "Microsoft.SqlServer.Server": {
        "type": "Transitive",
        "resolved": "1.0.0",
        "contentHash": "N4KeF3cpcm1PUHym1RmakkzfkEv3GRMyofVv40uXsQhCQeglr2OHNcUk2WOG51AKpGO8ynGpo9M/kFXSzghwug=="
      },
      "Microsoft.Testing.Extensions.Telemetry": {
        "type": "Transitive",
        "resolved": "2.1.0",
        "contentHash": "5TwgTx2u7k9Al/xbZ18QXq4Hdy2xewkVTI6K3sk+jY2ykqUkIKNuj7rFu3GOV5KnEUkevhw6eZcyZs77STHJIA==",
        "dependencies": {
          "Microsoft.ApplicationInsights": "2.23.0",
          "Microsoft.Testing.Platform": "2.1.0"
        }
      },
      "Microsoft.Testing.Extensions.TrxReport.Abstractions": {
        "type": "Transitive",
        "resolved": "2.1.0",
        "contentHash": "D8xmIJYQFJ6D49Rx5/vPrkZZxb338Jkew+eSqZLBfBiWKw4QZKy3i1BOXiLfz0lOmaNErwDz/YWRojCdNl+B9Q==",
        "dependencies": {
          "Microsoft.Testing.Platform": "2.1.0"
        }
      },
      "Microsoft.Testing.Extensions.VSTestBridge": {
        "type": "Transitive",
        "resolved": "2.1.0",
        "contentHash": "bNRIEA2YoGr+Y+7LHdA7i1U80+7BAdf4K4Qh4Kx6eKkoBK/NV7QpoMg+GWPP0/eqAFzuUmUOIPVZ87Oo0Vyxmw==",
        "dependencies": {
          "Microsoft.TestPlatform.ObjectModel": "18.0.1",
          "Microsoft.Testing.Extensions.Telemetry": "2.1.0",
          "Microsoft.Testing.Extensions.TrxReport.Abstractions": "2.1.0",
          "Microsoft.Testing.Platform": "2.1.0"
        }
      },
      "Microsoft.Testing.Platform": {
        "type": "Transitive",
        "resolved": "2.1.0",
        "contentHash": "aHkjNTGIA+Zbdw6RJgSFrbDrCjO0CgqpElqYcvkRSeUhBv2bKarnvU3ep786U7UqrPlArT/B7VmImRibJD0Zrg=="
      },
      "Microsoft.Testing.Platform.MSBuild": {
        "type": "Transitive",
        "resolved": "2.1.0",
        "contentHash": "UpfPebXQtHGrWz21+YLHmJSm+5zsuPE9U9pfdCtoB+67g75fDmWlNgpkH2ZmdVhSwkjNIed9Icg8Iu63z2ei5Q==",
        "dependencies": {
          "Microsoft.Testing.Platform": "2.1.0"
        }
      },
      "Microsoft.TestPlatform.ObjectModel": {
        "type": "Transitive",
        "resolved": "18.8.1",
        "contentHash": "qLbktNB1+b1XZLNJBTzaWVVJAd6PEzD7cgD406geMb6PcFZhp3EDNa1tctWx1+mtMU6MP/6ozVvFPC9vs2a9rw=="
      },
      "Microsoft.TestPlatform.TestHost": {
        "type": "Transitive",
        "resolved": "18.8.1",
        "contentHash": "FaQHPDTUOcE+SFTjssNPfrub2lT9Zyon4J2W/KLHt/efLJACb1TCeWXyOgh0D/4Q1e4n+S3E6mOKud+9nLZlEA==",
        "dependencies": {
          "Microsoft.TestPlatform.ObjectModel": "18.8.1"
        }
      },
      "Microsoft.VisualStudio.Azure.Containers.Tools.Targets": {
        "type": "Transitive",
        "resolved": "1.23.0",
        "contentHash": "2wDnb4umupJZ/1ikgWozFVpggH1mlHQFc0odXVv2ZagL3RYwXgW9zmC15fiqIBzmaC0vLZUnLGwDY+p8ZR7Syw=="
      },
      "MudBlazor": {
        "type": "Transitive",
        "resolved": "9.7.0",
        "contentHash": "uWOgNn9B556J/TL8KFoSqpA3YD2heqOpK5etcofwlj1RiEX1IDy0NmwYE9urlTUQ8zProEK5GqwTBnoObFPN3g==",
        "dependencies": {
          "Microsoft.AspNetCore.Components": "10.0.1",
          "Microsoft.AspNetCore.Components.Web": "10.0.1",
          "Microsoft.Extensions.Localization": "10.0.1"
        }
      },
      "NCrontab": {
        "type": "Transitive",
        "resolved": "3.4.0",
        "contentHash": "t3okCB6odi64mZvhetBPSR/ejKib3uSnmyCqj8M0mf2S3yFxbDFZLjxfWqcwvmS3zzgXR6LAIi0XlBU4oqxTlg=="
      },
      "Npgsql": {
        "type": "Transitive",
        "resolved": "10.0.3",
        "contentHash": "7nb5YzXuvWWJxB0J8DiyL3we+X4FOctZrt0fIBnucOIaIevFEEwGQVZKtiu9olXdlNAK1eNgqSral6r/jlhI4w==",
        "dependencies": {
          "Microsoft.Extensions.Logging.Abstractions": "10.0.0"
        }
      },
      "Npgsql.EntityFrameworkCore.PostgreSQL": {
        "type": "Transitive",
        "resolved": "10.0.3",
        "contentHash": "IPGrrZnRkuW7OlHDhUESZz4G5DLkW7Nej/O3Cx+0iTsgyU5XJxBgpsvTHLloo3WWuAKKbDHXBvWPVkX1deRh1Q==",
        "dependencies": {
          "Microsoft.EntityFrameworkCore": "[10.0.4, 11.0.0)",
          "Microsoft.EntityFrameworkCore.Relational": "[10.0.4, 11.0.0)",
          "Npgsql": "10.0.3"
        }
      },
      "Oracle.ManagedDataAccess.Core": {
        "type": "Transitive",
        "resolved": "23.26.300",
        "contentHash": "5iRUVwLiw2+QgD1gp8ebFuS3xppoig9ogLcnTUfM5DcHEE6A9+Py/XAqZIVknOo9SaDJg+hOOSWZd+H8jgOprg==",
        "dependencies": {
          "System.Diagnostics.PerformanceCounter": "8.0.0",
          "System.DirectoryServices.Protocols": "8.0.2",
          "System.Security.Cryptography.Pkcs": "8.0.1"
        }
      },
      "Scalar.AspNetCore": {
        "type": "Transitive",
        "resolved": "2.16.18",
        "contentHash": "R/S9FSpMLjdd75uOe22YPNnfDtPYygK31feG6XJ9BLjX/y4WM8cGRzwT49iEBKhnJB2CnWUnfLlWGV7TsVDk+Q=="
      },
      "Serilog": {
        "type": "Transitive",
        "resolved": "4.4.0",
        "contentHash": "ZC6Le3rr4TVJJjS4KsQAesxeF1EhW9qcZmmG7eP5Y2G3+gTGkJEUXkq4+tZNPtyp05I0wWOxnIjwtxFweJsObw=="
      },
      "Serilog.AspNetCore": {
        "type": "Transitive",
        "resolved": "10.0.0",
        "contentHash": "a/cNa1mY4On1oJlfGG1wAvxjp5g7OEzk/Jf/nm7NF9cWoE7KlZw1GldrifUBWm9oKibHkR7Lg/l5jy3y7ACR8w==",
        "dependencies": {
          "Serilog": "4.3.0",
          "Serilog.Extensions.Hosting": "10.0.0",
          "Serilog.Formatting.Compact": "3.0.0",
          "Serilog.Settings.Configuration": "10.0.0",
          "Serilog.Sinks.Console": "6.1.1",
          "Serilog.Sinks.Debug": "3.0.0",
          "Serilog.Sinks.File": "7.0.0"
        }
      },
      "Serilog.Extensions.Hosting": {
        "type": "Transitive",
        "resolved": "10.0.0",
        "contentHash": "E7juuIc+gzoGxgzFooFgAV8g9BfiSXNKsUok9NmEpyAXg2odkcPsMa/Yo4axkJRlh0se7mkYQ1GXDaBemR+b6w==",
        "dependencies": {
          "Microsoft.Extensions.DependencyInjection.Abstractions": "10.0.0",
          "Microsoft.Extensions.Hosting.Abstractions": "10.0.0",
          "Microsoft.Extensions.Logging.Abstractions": "10.0.0",
          "Serilog": "4.3.0",
          "Serilog.Extensions.Logging": "10.0.0"
        }
      },
      "Serilog.Extensions.Logging": {
        "type": "Transitive",
        "resolved": "10.0.0",
        "contentHash": "vx0kABKl2dWbBhhqAfTOk53/i8aV/5VaT3a6il9gn72Wqs2pM7EK2OB6No6xdqK2IaY6Zf9gdjLuK9BVa2rT+Q==",
        "dependencies": {
          "Microsoft.Extensions.Logging": "10.0.0",
          "Serilog": "4.2.0"
        }
      },
      "Serilog.Formatting.Compact": {
        "type": "Transitive",
        "resolved": "3.0.0",
        "contentHash": "wQsv14w9cqlfB5FX2MZpNsTawckN4a8dryuNGbebB/3Nh1pXnROHZov3swtu3Nj5oNG7Ba+xdu7Et/ulAUPanQ==",
        "dependencies": {
          "Serilog": "4.0.0"
        }
      },
      "Serilog.Settings.Configuration": {
        "type": "Transitive",
        "resolved": "10.0.0",
        "contentHash": "LNq+ibS1sbhTqPV1FIE69/9AJJbfaOhnaqkzcjFy95o+4U+STsta9mi97f1smgXsWYKICDeGUf8xUGzd/52/uA==",
        "dependencies": {
          "Microsoft.Extensions.Configuration.Binder": "10.0.0",
          "Microsoft.Extensions.DependencyModel": "10.0.0",
          "Serilog": "4.3.0"
        }
      },
      "Serilog.Sinks.Console": {
        "type": "Transitive",
        "resolved": "6.1.1",
        "contentHash": "8jbqgjUyZlfCuSTaJk6lOca465OndqOz3KZP6Cryt/IqZYybyBu7GP0fE/AXBzrrQB3EBmQntBFAvMVz1COvAA==",
        "dependencies": {
          "Serilog": "4.0.0"
        }
      },
      "Serilog.Sinks.Debug": {
        "type": "Transitive",
        "resolved": "3.0.0",
        "contentHash": "4BzXcdrgRX7wde9PmHuYd9U6YqycCC28hhpKonK7hx0wb19eiuRj16fPcPSVp0o/Y1ipJuNLYQ00R3q2Zs8FDA==",
        "dependencies": {
          "Serilog": "4.0.0"
        }
      },
      "Serilog.Sinks.File": {
        "type": "Transitive",
        "resolved": "7.0.0",
        "contentHash": "fKL7mXv7qaiNBUC71ssvn/dU0k9t0o45+qm2XgKAlSt19xF+ijjxyA3R6HmCgfKEKwfcfkwWjayuQtRueZFkYw==",
        "dependencies": {
          "Serilog": "4.2.0"
        }
      },
      "System.Configuration.ConfigurationManager": {
        "type": "Transitive",
        "resolved": "9.0.13",
        "contentHash": "GbBrJq9S/gYpHzm7Pxx6Y5tDyfSfyxW6tlP5oiKJV38uf19Wp+GIIAnWfyL1zmNiz1+EjwVapw2WkBFvvqKQzg==",
        "dependencies": {
          "System.Diagnostics.EventLog": "9.0.13",
          "System.Security.Cryptography.ProtectedData": "9.0.13"
        }
      },
      "System.Diagnostics.EventLog": {
        "type": "Transitive",
        "resolved": "9.0.13",
        "contentHash": "675Rk4RwaVrWo09wrR2rpDVKixtgtnhd5NhPrn6O21uj92JvE61KTGupn76M2N6Ff/xJjY3SHSfSg0MIanEzGw=="
      },
      "System.Diagnostics.PerformanceCounter": {
        "type": "Transitive",
        "resolved": "8.0.0",
        "contentHash": "lX6DXxtJqVGWw7N/QmVoiCyVQ+Q/Xp+jVXPr3gLK1jJExSn1qmAjJQeb8gnOYeeBTG3E3PmG1nu92eYj/TEjpg==",
        "dependencies": {
          "System.Configuration.ConfigurationManager": "8.0.0"
        }
      },
      "System.DirectoryServices.Protocols": {
        "type": "Transitive",
        "resolved": "10.0.10",
        "contentHash": "VQdfESaky3eXlvEuvtBndmZjOt65g+Ah6/0j39MPgPJ3gkbGuURlTFDRq0Y2uX64z5qVEVe1Ln6B4a06+vIzTQ=="
      },
      "System.IdentityModel.Tokens.Jwt": {
        "type": "Transitive",
        "resolved": "8.19.2",
        "contentHash": "gqhDC/icByKEutygpr+OFgAmjwTVowyzFjWB8K0q1ww8uFj5a1BQNL+QvijUl9uhq4p8OdDwcAIrjVC+eC9FVA==",
        "dependencies": {
          "Microsoft.IdentityModel.JsonWebTokens": "8.19.2",
          "Microsoft.IdentityModel.Tokens": "8.19.2"
        }
      },
      "System.Security.Cryptography.Pkcs": {
        "type": "Transitive",
        "resolved": "10.0.10",
        "contentHash": "KG8t5RHczdgB3IWvRndpI0nE1DSo7ikDYSDbITxfgRFyIvnYiKzuPjaZOsPnwFQ1aOGUl9sEulJul9wlHLEUoA=="
      },
      "System.Security.Cryptography.ProtectedData": {
        "type": "Transitive",
        "resolved": "9.0.13",
        "contentHash": "t8S9IDpjJKsLpLkeBdW8cWtcPyYqrGu93Dej1RO6WwuL/lkFSqWlan3rMJfortqz1mRIh+sys2AFsSA6jWJ3Jg=="
      },
      "System.Security.Cryptography.Xml": {
        "type": "Transitive",
        "resolved": "10.0.10",
        "contentHash": "Mz6Y+s+uMQKj1H2BUF0OhlmaOQkLgSG34/IrUaBDirYBQ6bgwcFvO/XtXWcoDlBLFoFB0uKqDNhybHOd+fQK1A==",
        "dependencies": {
          "System.Security.Cryptography.Pkcs": "10.0.10"
        }
      },
      "jim.application": {
        "type": "Project",
        "dependencies": {
          "DynamicExpresso.Core": "[2.19.3, )",
          "JIM.Connectors": "[0.14.0, )",
          "JIM.Data": "[0.14.0, )",
          "JIM.Models": "[0.14.0, )",
          "JIM.Utilities": "[0.14.0, )",
          "Microsoft.AspNetCore.DataProtection": "[10.0.10, )",
          "Microsoft.AspNetCore.DataProtection.Extensions": "[10.0.10, )",
          "NCrontab": "[3.4.0, )",
          "Serilog": "[4.4.0, )",
          "System.Security.Cryptography.Xml": "[10.0.10, )"
        }
      },
      "jim.connectors": {
        "type": "Project",
        "dependencies": {
          "CsvHelper": "[33.1.0, )",
          "JIM.Models": "[0.14.0, )",
          "JIM.Scim": "[0.14.0, )",
          "JIM.Utilities": "[0.14.0, )",
          "Microsoft.Data.SqlClient": "[7.0.2, )",
          "Oracle.ManagedDataAccess.Core": "[23.26.300, )",
          "System.DirectoryServices.Protocols": "[10.0.10, )"
        }
      },
      "jim.data": {
        "type": "Project",
        "dependencies": {
          "JIM.Models": "[0.14.0, )"
        }
      },
      "jim.models": {
        "type": "Project",
        "dependencies": {
          "Microsoft.EntityFrameworkCore": "[10.0.10, )",
          "Serilog": "[4.4.0, )"
        }
      },
      "jim.postgresdata": {
        "type": "Project",
        "dependencies": {
          "JIM.Data": "[0.14.0, )",
          "JIM.Models": "[0.14.0, )",
          "JIM.Utilities": "[0.14.0, )",
          "Microsoft.EntityFrameworkCore.Relational": "[10.0.10, )",
          "Npgsql.EntityFrameworkCore.PostgreSQL": "[10.0.3, )",
          "Serilog": "[4.4.0, )"
        }
      },
      "jim.scim": {
        "type": "Project",
        "dependencies": {
          "JIM.Models": "[0.14.0, )",
          "JIM.Utilities": "[0.14.0, )"
        }
      },
      "jim.testsupport": {
        "type": "Project",
        "dependencies": {
          "NUnit": "[4.6.1, )"
        }
      },
      "jim.utilities": {
        "type": "Project",
        "dependencies": {
          "JIM.Models": "[0.14.0, )",
          "Serilog": "[4.4.0, )"
        }
      },
      "jim.web": {
        "type": "Project",
        "dependencies": {
          "Asp.Versioning.Mvc": "[10.0.1, )",
          "Asp.Versioning.Mvc.ApiExplorer": "[10.0.1, )",
          "Humanizer.Core": "[3.0.10, )",
          "JIM.Application": "[0.14.0, )",
          "JIM.Models": "[0.14.0, )",
          "JIM.PostgresData": "[0.14.0, )",
          "JIM.Utilities": "[0.14.0, )",
          "Microsoft.AspNetCore.Authentication.JwtBearer": "[10.0.10, )",
          "Microsoft.AspNetCore.Authentication.OpenIdConnect": "[10.0.10, )",
          "Microsoft.AspNetCore.OpenApi": "[10.0.10, )",
          "Microsoft.OpenApi": "[2.11.0, )",
          "Microsoft.VisualStudio.Azure.Containers.Tools.Targets": "[1.23.0, )",
          "MudBlazor": "[9.7.0, )",
          "Scalar.AspNetCore": "[2.16.18, )",
          "Serilog.AspNetCore": "[10.0.0, )"
        }
      }
    }
  }
}