# Released migrations manifest: every migration that has shipped in a JIM release, frozen.
#
# A listed migration has been applied to customer databases and is immutable: it must never be renamed,
# regenerated, edited or deleted, and no new migration may carry a timestamp that sorts before the newest
# id listed here. ReleasedMigrationImmutabilityTests (JIM.Worker.Tests) fails the build on any violation.
#
# Append-only. Written by scripts/Update-ReleasedMigrationsManifest.ps1 as part of /release; never edit by
# hand except to recover from a mis-run of that script before the release tag is pushed.
#
# Format: <migration id> <sha256 of .cs> <sha256 of .Designer.cs> <first released version>
20260316165904_InitialCreate f9f56272aea4cf262531c24e835a8ef7749a3a3fe53123aa144ad4bfdbec082e 484f04743542222a9f9bd54a13a02a0b7d98a743810fb247896d853cca0044cb 0.15.0
20260318220338_AddDeletedMetaverseObjectIdToChangeHistory fe5ed5a7397f6e50f6f7a686baf2b2cfb79933821bb7730176bbf34a50233a40 9208eb031c98946d438b6d1e5231551f37a131d3a495dbfb0b89fad6a227fa2a 0.15.0
20260319174747_AddMetaverseObjectTypeIcon cf5eca3b60e9236da0cfb13a520b999abd6019396969c3aa89a0842d27c67a24 2df3b27877e8e7375b9b5be50d92a43be283bcbc0e274f277499bdd59ad87ad5 0.15.0
20260319212013_AddSupportsPagingToConnectorDefinition f3f686a9af1a8c2b0d5a015e5235c6da38dfae75606ae5442bffe8cea6d273cb e8f95c4b44338e5756f36736e70723890c6f1c072b067098b70844cceef69f5c 0.15.0
20260322100401_AddSupportsFilePathsCapability b17459e29e53071e04fd0799329d6c6bff7769d87c6b7f897b7000e63aca5928 584b178a353d8e54f756118e4651317d8a281ddeeec9be0e607c5a4464360bfd 0.15.0
20260322150822_AddFunctionalIndexesForCrossBatchReferenceFixup 08eb9d6ee7ec9bbfb1150a0e7aad8cd2ef0351f58da231e755d1e7fa0e665615 081ec3d06facfb1e211a6af663a055a92950e8a82d27a21633ec4ab4414d21a0 0.15.0
20260327085706_PreventAttributeChangeCascadeDelete 0746b3faec97924e1cf33c4de20a38eba9aeaa6a59b555bd15fd000baa31d8c2 7b391a0e6ba57eff85f7405886d061d31dc6f272f80d3e5f79fdde33d237da67 0.15.0
20260331211405_AddActivityWarningMessage 59359be2d10f706c2319fbaa5fff0a737a337ed513898c6aba4b73c71b935b23 118d9f13046f2a221e92883294da7b79b62fd36d7b272879f892fb9ad86a2edc 0.15.0
20260404212013_RenameLastDeltaSyncCompletedAtToLastSyncCompletedAt a6340fdbfc6b6fb13c82892e604e673723d3a489c1bd0838ad2466b507950766 332dfb5ea79db32ca8309ed76f42b3ef6bb2935408db564708fc08f17008f0d2 0.15.0
20260407072530_AddPartitionIdToConnectedSystemObject af3d2abccc82593cbc240ad6e72a91b4a452bd4b0393bdeef9c8f56d18cee7d2 d8e20b82a9529b7fbc250b1a20371d0f6ec57f51779648df05caa5b7600279d9 0.15.0
20260408162541_AddCompositeIndexForMvoAttributeValues ef6774861ba6389e19c95f4c0e3fecf5f06fc5e3a083f416868a7996ae342846 4b3dac43bf2204496509afd368d7a2ef112f6f6a5381470b47bb06fa91f5fd17 0.15.0
20260408201642_AddCachedDisplayNameToMetaverseObject 2b2f907a8418ca3340e469960ac9af7fd5241dc2e1998c4d35d746370ecb0c74 7179b710c05d00132973093528450d6eba8ca0f53725e1b9439d95fe9fcc313b 0.15.0
20260412140803_AddClearConnectedSystemStats 8397997cae7c69dbe9900f4dbf400b2f856f759860007b4769c4e6a2a26e9b03 d5e7250176de221935001a7014d8218881fa92807fe4be925c12d98e63b78191 0.15.0
20260413190000_AddPredefinedSearchIsEnabled d3a1864af1314352e2096d1c2175a1f04363f6bdbb849cb0802b2dd6d6277204 9a819c27de44d070ff62bfc559a946039baa4827a0d8263c663b1c5d90504e6d 0.15.0
20260606225833_AddSessionsValidFromUtcToServiceSettings 0a5c77df39a644de1b3eba680f61759fa7a9a5b8f76bdbde0a2d570180109981 6c813aa66900a91c125618aed88511f62c959354cda33367222ba43a0114f1b7 0.15.0
20260610202618_RemoveLegacyParamValueTables c60da44bbee20bc8cd8cd51800df171f99e25c90a4be0379e0f0f7fff5f58d3e 2d56d321cf3cd4ab6a1afd0686a8ce6c7f32b04efb0d438e17f65a4eecbc81af 0.15.0
20260610212541_AddConnectorSettingRequiredGroup 3724d67907d6b7ce9a77d9632b535585ab11acb2d883ee517cbc0aaa2e5dda97 34d967b83ade393369048d1760567789db6424ceb50f1e7fa316f4f78533d127 0.15.0
20260611211201_AddConnectorSettingRequiredGroupCardinality 9d3b50c09e96192f8c322a8121be67f33d74e458dd0faa66cd4e1df47daef3e2 ad0f27c7bc0ecc97eba87c4722485eb76c6069d1ce130330add864841bdc9230 0.15.0
20260611222605_AddConnectorSettingRequiredWhen 50a0c1abf2612d6daa2a1793d68435e9e9f31d7846d2f88a05f65ac1fc449ca3 15c343b8d9346cf8c4b49c7c1a1bb0b9327af8e40099afb37dc00f6a2267ebae 0.15.0
20260620122424_AddInboundValueProcessingToSyncRuleMapping 46ad1bd2c2dc3e117a3c8e80ef1abc037c6c71861eba84e39f1b78a0158da3e0 94e15a409253c853c3a409b641b37025cc7ddd653bfa8f5dfd0181793a423f70 0.15.0
20260622160246_ExposeScopingCriteriaAttributeForeignKeys 1bafae30a4c53735fdbd8bc83db1829ebb0135a61f9572b763e4bab4379ff041 dbf48cdf025e7650ae629185d2a2d2ac0af08576881bd06ce9e031bd558b368f 0.15.0
20260623074946_AddPredefinedSearchCriteriaTypedValues 3f282e9d7a06cc61d06c333c8ae76bd2d63c49561fe021df4a16ae01cb6beccd 729a8e6cf4aa20bd286e73d8a949af5ab557495d728a901aed25df43493cefbb 0.15.0
20260623100139_AddRelativeDateCriteriaFields 59dbe171e0196dad5505e79db94c92c13c69b78da36972a954de3ac067da6c7a 0bb864b99f534fd81da038f977b322c9aa2b57dc9127926335a230cd0d6319a4 0.15.0
20260624105858_AddExpressionToExampleDataTemplateAttribute 2ac74b026a047d3f103ee6bd6db0e25df3b34db60de2d1742de4bb2fbd793958 54e8f63df7e6eebaf2e55a44f9c69b18ecf3c229c5b09005537bf6f968892609 0.15.0
20260624174100_AddAttributePriorityAndProvenance 6ffae209e6d8f721eb9b68a032fb2ed38b77fa650fcf3326a2f71619f2548083 951b147574a745e53bf93b63a39b37c590fdb317ad048f2d26e2a4e8db4fa2f4 0.15.0
20260626155034_AddConfigurationChangeToActivity 15c8bacd7d7c0699e6bdf67eb1f8419debede31f6bb45217595a40efe2cb4ed5 5e50c2ca83f9a84d668c436567dde68201e0a374499808d44c69bc0807876946 0.15.0
20260701070101_AddTemporalScopeReconcilerFields f34a89fd11531419aae971fa91551becafb17fa72eae9ecd9844224ca22aef1b 59ca34c70841263457109db9ebcb7ae9c07af7711bb065df8dadf25ace4a1b5f 0.15.0
20260702053121_AddTemporalScopeReconciliationWorkerTask 4332fc85fd77b1659370ceafaf28f180ac94a4855cbae71e4de8711da09e9686 a99e9c13b5475f7b4f044785b37b34da0fcabf3f38730795d2df27eba3ac2e91 0.15.0
20260702172555_AddMetaverseObjectScopeReviewPendingIndex a518a4e7756bddd6cff144859040ed54f751838fb61ca39e59cf6d94f001834d 95a1327bfdf1564db77f824df34e62ca1c0274637c9b98cc9d65bc06d7d8cb46 0.15.0
20260703073026_AddScheduleIdToActivity 60a413d2209d3c9ab24fff1795845ea9066a90425569568e2092e7e5b020def6 b2206a7cfbea4e8d9a4ca1d0deeaabb6001d6544ee910fc590ea90e628f4996e 0.15.0
20260705120830_AddConfigurationChangeTargetColumnsToActivity 879c91fd401309a5a08e3a68cb862404a8f70016248b0266478b9a6bb3261a41 9e12028cc13b53ec5e97df3a15738641c7447e44c7b8dab639d03af795dece47 0.15.0
20260705145345_AddSyncRuleDescription ae0e12566459703e6a75cdb6b13ca75cebd6bc446902ad2a278ddcbc70b639ec 0bf5ed8ea199c310450dd00f83494936fd9363c236bc3f46442e0ec3557ffae8 0.15.0
20260705162319_AddUniqueSameSystemJoinIndex f17d90585bf39fd29c80a0ddae5de3bbb57cd8de25486261130f613e7e079400 3c2908e64d9c5e245d0e50df26464907ab498318e0b45d70765922e81bd2a122 0.15.0
20260706075516_AddConfigurationLastFullyAppliedAt fda9b844388fe05c1317eca88e871bae2b70521b557a7e4f6dd3dde4b152eb59 72579cec722701b9f3fe5f0ed173fdb5555d27f567f2064620bb528370702ac3 0.15.0
20260706143916_AddExampleDataSetAuditingAndDataGenerationActivityType f0d19ea8d3df3bfefa43221ae47750f77fc10ceae88f20850c1919d554c3af29 70015018b048939f924dfa9a5a3694cbfcb3b159fe8be66313d31750b429d479 0.15.0
20260712132618_AddPendingExportsKeysetIndex a19bce4519325ca4b72e80d1d32de739f446655b1cfda135863c47d0da9c3d6f e87a036514ac390f7f4b76db302616483fdbc69efa317bbf44cf9765f3a2fe84 0.15.0
20260713094126_AddActivitiesMetaverseObjectIdIndex 6b58e2c4d7f288ef076485238858d6835d8e4741c6846d80e138c690a2103d3f 76c32e4d5513d3e2fb2116740d37aea92d904e7c2f57baf918a7c29c4cb4852b 0.15.0
20260714115658_AddSecurityAuditEventFields 6070a9aaaeb44dfb311b76fc1a10664a24cbea68ac556b6e71f085238938832a a5347f4795dc6415790a32777920485d9e93eaa9eb164490ad5053acb5db7bc1 0.15.0
20260714211858_DeleteGhostMetaverseReferenceAttributeValues 02123a60b300482b05b62ecf381f8bb126a5e778e46f223dc2f60f6ab8919409 00ac17f3be984965cd55dfd18c3cc5d2fb32da811c87c257c12012aa1798dfd7 0.15.0
20260716004846_RemoveObjectMatchingRuleSourceMetaverseAttribute 82bf06f9d04eb8aa6f04dc0478fe20e14342ccddfa6ed1a3c555a1d423cdb06a 157c2c31a92f00fd79f37badce06cb97bd752426fc911b0ff6762ab061c303b8 0.15.0
20260716074236_AddUnresolvedReferenceHandling 01b795d0dfd7e2061f82a6d5327e44f1bfae33a9f7cb3763fa2f3bdf0239c78d 090baa9d0a0ae85be9fd8735144c223a4e32a1193aaa4b525f5898a3f8d6ad61 0.15.0
20260718154411_AddInitialExportOnlyToSyncRuleMappings c53730abf8f4475662331de73e225bbead88b5ba5dc8a623c69e14d1d4c06a0e 35bae033abfe34630b79e2cf12b04370b11ffddd799e1829bb31dfc8c60714f9 0.15.0
20260720212837_AddActivityStatCounters 225af1b811059daa45b2902ed08a3a471599c81cb56af9e348c0745a010f5448 9b8f46e1b6f274754963bdb88c3c347f3e4329d88fa41adb3cef8bdea4f1afaf 0.15.0
20260721215606_AddSyncRuleAttributionToSyncOutcomes f0317938a339096fb9d1384f34f8eb8b2ddad4864ab1ca7ed3e605b37b59bb1c 2827357e566747dd313ef3ad7dafd4878fc4a1a521ceb8dbcb6b7a41f5b72cf1 0.15.0
20260723071207_PersistResolvedReferenceCsoIdOnPendingExportChanges 4691003b39028c55cc047d4e0dd3e94658608860494f3da6764f5f6be679bef8 d7818204e23eaf344c2fb0ba8f6c15a2a8ff1c27f7d6815f88167f893cfc1c9f 0.15.0
20260723123457_AddDecimalAttributeDataType 43ee7299c26fb4d5b5799c38fff302f2e3408b9ecb4d4df21ac817ebcfad9bcc d487b6d5e32e8558ac9c592893de6c315ee414a2cd5fdee968a1f9ec13e1d295 0.15.0
20260723152840_AddMetaverseAttributeStandardMappings 278fed591e93ffe3216aadf6d83722c896cd34d7c00ff30a9579024458dc8a5c 0bc9228643e804e4f8b7b1a3b1102c4232e9ecea7ebb34b7f30eb8ba246d3a9a 0.15.0
20260723191210_AddLongValueToMvoChangeAttributeValues 787fe0be141ef38b4815e5dfd17963b9dd8f58e6c100d45c6dcb8d9f9c5efca5 f8d218cf85e2913d4002d845e8ab403bed4b9a3ea78c1de05ec40724d2915d83 0.15.0
20260723204302_AddRealTimeNotificationTriggers cf439ef94391a388aa02b72fed3515b09616ced1be7ba8010e78f1dba2d2f1a1 7c6c83770a9c1bb4ed9e5f63de822a88f307181593184bfa64ee69f3b3a5cb7d 0.15.0
20260724074921_AddPendingExportUnresolvedReferencesPartialIndex 0dbb80b7bc29588d21d27100002aa4b31e22917057ec8287df7e8c20c94c5abf c33e3650a7c605fb901a6b37fbff60d63a5926d56a09c88435108cd50c1ebfb7 0.15.0
20260724190624_AddCsoImportStateHashAndRunProfileVerification 77b2e74627fef81442420e69c7a06e93a56ac21c7c73520f6b833115bff1c67b eb8245960edd79a99493c4a61ec726565fbe989f2b38b0732a91052f42bbba4b 0.15.0
20260725152405_AddSupportsPasswordSetCapability 71492d1f084aade52c120be75f764dd67c8bac9f4c1fd242c5e90318bf0ec4bc 9b7facf0b3df0d84db0b0020b6c3167068a277f05f3a11fdd434581ef0d21d8c 0.15.0
20260725171515_AddConnectorDefinitionSchemaStandard 3a3894fe7aa91e086f649da718842696aa48d333c502e30d44e627f38a30ae9b 5218757cba2ff5fdc25056a08cda009799b2b8061f51a61a63b045f56422b938 0.15.0
20260725172730_AddConnectedSystemPasswordPolicy 3172a70ac99fa3b3e48000876166b7ed8d93f67c72ae000b49d759f7f2cfa79f c8ec15c43c68d56af5144eb83f7e40984b439bb2514b7ae3a4fba88b9d598e0f 0.15.0
20260725172923_AddSupportsPasswordPolicyDiscoveryCapability 80eb81eb186968e319ea1e938ed56ebad49305970cc8c9eff12c7d57adb67c62 df0c597ca4083677df68913e8d981959cc09e4581fe735960f00fd75c4e0497e 0.15.0
20260730075647_ActivityErrorDetail e523b19bbf115939a734786d8be2a2a83dd7c5ca501830ef6ee6e898a54e3bb7 bdaeebf50954fa09cb8ceaed17f86508bff28b0d4f654c5d39bbf09ab6247f38 0.15.0
20260730110312_AddConfigurationChangeClassToActivity dd87cff556b94cdc2640751c71920c43b9e724b6fe876cadc67b08d0eea18a2f 52ffab7390b5b375aa2eeaaeea5d14397fa7c93a169c293a287e18b5fcda20cc 0.15.0
20260730175213_BackfillMetaverseObjectCachedNameFromCommonName 1fcadbc15ba1ece6efbef4ee5e662afce0c7a3b735d50044443e092278e71f4c 2976a3218c239a32fa637e1c85f4037570126c692dc97a8b52c955ef1d9392a2 0.15.0
20260731211726_InitialPasswordProvisioningConfiguration 9d996f59d9847842274755e1aae709cb4be3f04ec2e9a146daeab25780dc3fa0 26b0b2a35a66b9f15b0f192476cfd87019fb710ac64c9524840893991e718c7d 0.15.0
20260801095625_AddActivityPhases 3e85a9aa154d6c34be33f0951c4818a14982ee27b1acda6b44d1c7b54df9d72d d3b13887806ac9dce15543399210607c895d24dd4f927e5d4ae6508b19c97e0d 0.15.0
20260801100315_PendingInitialPasswordDelivery 3cce3d0de0e9718e4e3749a4e29cb6a4923826c6f7c9c2564e5e509e6b8a4851 82c8df0bbf095bb46ff3d47cb336441b0f472037001be94f370e8c0c800955b1 0.15.0
20260801230522_AddAuthoritativeSourceTriggerModeAndDeletionPolicySnapshot 6a6b20bee570b3987aa571f00cab6715de494dcff18e512c016ab82ad5f10b05 d2c58b440fda5a2ac61464f4f0f87e385b49ca358e9c4a801014133adce767d4 0.15.0
20260801232054_AddConfigurationChangePreviewTables db9cf6b0aaaa8ffdd4433e134ece6fab498394f846d287b944676d91cff8973d 792405d714e520c8c60e7a91f4f4a5940a61c1906920758dee6d4ff275265a90 0.15.0
20260802085834_AddActivityConnectedSystemObjectId 91c91068a86e6089f14a74e5fcbf117c96d5cbb269b055142bb7539ea916edd3 15768761f52a9bfa10c8985003243febaaaf4d052fa1c9fd6fc39cc0b57d73d0 0.15.0
20260802090402_AddPreviewFindingsAndCounts 53277c80c4cff9979d11e6e24d3fdac69e7d0e039b9f5eabe3ee8473bcc881d4 603323b8df977551f468e0ccaacc7ab661e83e20fc5b641685c4c871a9e50ac1 0.15.0
20260802094433_AddConfigurationChangePreviewWorkerTask 5d1f223b45351d0076eba61f464caba27dd4b1e61d3aca905ef72684704d492e 44145b745827f1b08e78190d21c4f1fdd9fe8d6b8851211ceee783c01295d2ee 0.15.0
20260803083156_PreviewRequestedDeltaPersistence 51a71289e3338cdb8f54676818ed3bccdc6374b508f4ad9b9a56d6f4b4af6331 978392ae51431df534ae8c71198ce9fc5b048ebb6e43b517f2b23be7b69ea68f 0.15.0
20260803091418_AddDeletedConnectedSystemObjectId ace34b117ddaf39c8ac151982d56a2f36e13551fb408bd4ce3e1cf6e5f6b97d7 b50bb742a05d7c5c0d8f061e8d8b4568cb45fc3715f674ae31df0913123fde8c 0.15.0
20260803144818_ScheduleExecutionScheduleIdQueuedAtIndex cc38b085199d61457f08df54dd5a0c53fb383e623c38193f4bea9ed44e5e48fd c6dd3ae3bb549484bd93445573ae68c0e139b4ad36a7780ea277b8180d3c069e 0.15.0
20260803151423_ActivityScheduleAttribution c9a61c48acc762e378f6b5e5d5b4bfc2b6ce51024635e45938b48327282a8df2 c003332778dd1ff14ab1a27e469458cd1fc0a6df2139444edb687d1bc6a91a97 0.15.0
20260804171149_ConnectedSystemObjectTypeTags b3e16a19d92a622c1bc93edcc99eb29060705d2848310dd249995e31a05fcde9 0896b8a7e835101b2a0c3b929d3325a3eee6fa7e8f5073a72b44cca31560ec79 0.15.0
20260805162033_ConnectedSystemContainerStableId f450f4a7e52debbf11561c07835e1cc47273e88d02486be082a2b712e7c30fbf 88f3b7b668db0626ad416c29226099ee533dd7dcbce3e4f904f3009692a7f2b3 0.15.0
20260806101849_AddConnectedSystemContainerScope 02b3388665bcd972aba888a05257e4f1ae558b054a4b81e4df812f54bae916f1 6d65e357f28784ee85929748b27ff8500637c6d9ad184c87ac105456bdd2236c 0.15.0
20260808085616_StaticInitialPassword 84f53b77399ea79f1e6f3e58cf08da53bafe0d594b5fca1177362feec51dfe66 bed29c57d118663fd093e7a23d253b5cbafb038d83c5e82d40861934a990349f 0.15.0
20260810105636_AddConnectedSystemContainerExcluded 5894309fe070fdfb3bd0c67beff9174e416b29e3898b23e5f3f6facc0c8a5d2e 4e0e1f9c0f35199de70dab5da30e4917f65eb16c23d9b551fe61030fc13dd972 0.15.0
20260811165825_ConnectedSystemInitialPasswordTimeToLive 167905cb46aac87b7e785475c602524acf2e5cd6da12ed75a0d441c037954cd5 242077fb9ed2ca42dd52492ad2dc82d4da27f6d6bb9e5824d807ca78cdd6e9c1 0.15.0
20260814130538_AddConnectedSystemContainerObjectCount f7e9c1840bcc8c170fbe10dee627c7432e07855c4580a7bf3ce6b4364b851830 bdf541e808e764200c9f7d9027cf6f6027d529d5f239a0ff4c03e87cb4912842 0.15.0
20260814150217_RemoveConnectorDefinitionFileImplementsIContainers 9a3c74e83f7e60b5782001c5700b599265d669ecc3d548869357f52fb110fd26 f3ac0c81ae84d330aa26a1262c75c2f876f2aa1bb7efaddbc0011673f11f4796 0.15.0
20260816193921_ConnectedSystemAttributeTypeSetByAdministrator 29713082b6ca54ab61047eebfe3255a33ae920a09490d08084c810e8e6986c3b 95abda7622d3dd17b6984a3f36f0e1b3dfab204e9b98c0b845980e8de5391d94 0.15.0
20260818093714_AddMissingInputBehaviourToSyncRuleMappingSource 01c31206a19c723a4cfa307d30aa0ef68af4367f96dbfb6ba9db0a35ca54302d 92c80abd321c986bda6ae3d95421c5e84bb098db45c13263c2c774c218831b87 0.15.0
20260819071828_ConnectedSystemAttributeReferencedObjectType eb86bb995aeb991f3f662c2f40c1c66195a5107973a9f8c5a921a796ff13bd4f 54dae93d8458db8ce26761047cb22c7eaaa84f718e701edaf0e0bba6bc2ddf29 0.15.0
20260820114903_CascadeConfigurationOwnership 76908cf060bc8a3f16e2ed12006970a3a8e0d6a1ae3d535953ed296d833b1d28 42f1cbd9d108ac00f39a57ba0020a0bb83c0dfc944993ea700c4dc6e1d3130cc 0.15.0
20260821071902_AddEnabledStateToSyncRuleMappings 3d787157792a6ff14b2e5df5bac6cf4bdd78768f58d32f582caafaaae16b4c51 c5b1cb85d74e0715755f5a3392a28c7eb5d035299e8c6edc8f42fe11deda5f83 0.15.0
20260821081841_AddDisabledReasonToSyncRules aa601adfb13f1940b65629e66f06560752e1ad335b961fc7a3c4bcb82a976a0f e5676131633c242c053e96cfe14807127ae08336819ae4b81712f22d87b43e32 0.15.0
20260821092711_ConnectedSystemPasswordSynchronisation d303f4711d6b1b29ac85cd27bd1cc97956e4e39c8482afae317ddab9e107fd7e ebd9cfef2fb93d0bf903a612895ae6f9912a72c3eab3935245720f1c1f8f5a09 0.15.0
20260821094439_PendingPasswordChangeQueue 6c591e1fee5348c02299b4cad5470405d73864d47fcdcc89642aa2691bca3988 37549c3c448343e087f8af5fafbcf627feb256b719a7fa1e45752eb9c5db7f50 0.15.0
20260821100451_PasswordDeliveryWorkerTask 8697043fc815f8dc0baa9eb51f9c019350bb42a1fee26aee404487f5a41f54fb 7a2e49d4e72060c126801022728157d785a4042136a93136698431f2d382ae4f 0.15.0
20260821104631_RequireSecureTransportOnConnectedSystem f16a7a4afd3c40badcbd73de70fdc281e9309fc07de2f72c4a7ed1f44cc2f5af b0f4659348c0bb8a8cae0345c0d540a48dc38986b87ca79d8fa85a88a84aff5c 0.15.0
20260821112304_AddCausalProvenance 9acc90985ad2890ba64ae57ae222905b98da786f4fcffe26a12ac8a9b2e69a33 f864e30806af81d3ca3d88aedbe92d5b26fa152aefee4041429e6d67be1c4d3d 0.15.0
20260821115123_AddSchemaRefreshRemovalWorkerTask 6bc0722b35f26e68c1b34769ea88f7d06ee6f5be11c96ca3fa6a20a8307ba3eb d82ba6b8ad3243c9018ac37632cc7440ba351dd693f8593dfed69f2c4c9b3d4f 0.15.0
20260823104315_PendingPasswordChangeCancellation b4d9393a97fba725a04cf54f6d4aaf7b8b594a1c121aae9ea4637a17a258201a 7b5a442965d77502582638030e4593c0d7c9e8acf552f385d13d8ca2ed98718a 0.15.0
20260823214342_AddHistoryRetentionCleanupWorkerTask e7bf870805d4aa49bf681d2f7264842fcd35086e23f51266e3e2bc9f14f09a9d 3f17c0ac9e25ab3aab61244652b3c2bd986df5008ce03fa230695b692e1919c0 0.15.0
20260824164345_AddRpeiExternalIdSnapshotIndex a31d3c1cc8e140e48b57c09e16f35cf8fcd7e37b0c968da34064d8724a8163fa 3dc6d130dccb6fb4c6585ec9780b2d0a9f852c4cb9ec1e8e948044776063e3e8 0.15.0
20260825175222_AuxiliaryClassExtensionsAndDiscovery 12fa64a3ce9f036be6087138f430ab21f83eb15077fde18d963e94da154575a3 c85d58c5e2b041d20012056035d295efba09fb19a9fe183669de4af1a9151f08 0.15.0
20260827094854_CascadeOwnedConfigurationDeletes 4d81b7e4bf5b1996b85b98e0c3e5bb1a1bb3fac0a14f776a2e8ed157455e73ff 3ff1d49d2d18d01dc95b002c5e8c8f389a426dd52e39d4f3711cc7e5408cb2af 0.15.0
20260827221612_AddDeleteSyncRuleWorkerTask 9a3d326879f4f364712a0f1f1a5b763859ffe10572488bcacf33bd5cfd1faee0 c8b1098201e3ec6f3ac00524c7e2fe7287543e98b8c356229fc7396a5a81a373 0.15.0
20260829111840_RequireSyncRuleMappingOwner 628f787b6c72b2f6a6b28e5347ced6f1388f7a99eb91e1ded2e776002f6d9fab 862b1876d8b0ef42b08c9b60d8a43a30b90ffcbb98edab08968340772487a42e 0.15.0
20260830155239_AddSynchronisedDeprovisioningToDeleteConnectedSystemWorkerTask c31a38606dc3c2b49dee91070bd4b9823d1f85f3e9c03922e50a6da010534b47 8cd4708bac9232332983cc94692aee153b99dbc53157589bccded66452521f49 0.15.0
20260830181218_AddAbandonsDeprovisioningRunToDeleteConnectedSystemWorkerTask 730d0cfbb1126e5344692fbf1720ef7cfd6de8229c557a25b58eb62669609386 2b6845aa53671495f69a075b9310950c9e0f08b69978b80d90e408d43bfac7b7 0.15.0
20260831074702_AddStagedChangeTypeToSyncOutcomes ff8dca9768dbb41b0b0eee7ed04d5a9d56c0e81efd4af38d98bce79ff428bdb6 02bb5c33eca5a6c1470d760dc26c5eb88c8b6feed1389d1666b170699e86a7d4 0.15.0
20260901213528_AddStrandedValueSweepPending 238561a521c000679599d7ba6c2e663f82360b9a09957da8f9d61f45b9d137d4 bf9320d0cf0af287842c8fb9740ad21922ac18efac65c065c2daba1e35d0853c 0.15.0
20260903080313_ReplaceStrandedValueSweepPendingWithArmedAt 46047382aedda9a44859f751e098788b06e4cc4de59c02b6d3a05aaeed341cb9 ce2c246a18da5507a5b4fea485617d48d8398f7cf821043fdfda4e5ed48b4fb9 0.15.0
20260903095519_AddConnectorSpaceClearJoinRecords 36e84143d1a0ef96913ceb0072fc0bad30c5444ef96f92018f42952003499649 940aad88fb89b41f6b2ccb3460bf9de311dbf03c8526492fb17f9cfe2445c919 0.15.0
20260903185825_AddRunProfileExportLimits aef4839e636ad3e677c24d19c6110c0b561c5fb81e47c520597b580bdc2b1b4b 376a097bdaf424b63e3c6273cad2f3cffb473dec5a70a677e412690dadaeda33 0.15.0
20260903211733_AddRunProfileDeletionDetectionLimits f075d9c027687547f9a0a5749cf32e6c82fe7611627d8156a21562f8361503fe 4a2cdf07e69eb4599af4f437d2d6b64e813f7d147ac458e7c59aea147af149e6 0.15.0
20260905093326_AddServiceHeartbeats 181f9f8797a0f45f6dd88eee21fecfe33f661cf9774dda5834959cee33bd05be bf8a33db976eabdf94e79928422b01d9870ef4a05f39a3d0cebacc173b72524a 0.15.0
20260905104547_AddPasswordDeliveryClaims 4895afefff52c537254c224efd4066fdf94311fa7b5082be500fd17810d2efb3 1b5dc32b816b76244abefbad101faec365fd040b01029130d431f4daf97bcb86 0.15.0
20260905125649_AddPasswordChangeOrigin a28a8df5bf22a7bc8fde0b189e5bbbf7f5a969238f27f2bb4f29a40b63d7c8d6 045b2952d21af9b91de84e329b0794514ee5f79190602be3d233ed96b16bf135 0.15.0
20260916165944_RenameScheduledIdentityDeletionActivity 324459661ca692c4b25c0c37cf4bfd69f9c1fc72c62a78fe3a5bfdbd886cf632 476ead3e996e6f36a6db4a54a38d9ce27f383eccb0c6e0f667eb57dc343a5d41 0.15.0
20260917091035_AddAttributeValueChangeSyncRuleAttribution 8cf4ad9e87e68fa0537fddc48d69e92641d906611b313e7a517583ed04967681 b162cc595f3fd49be95790776a4e3b0468c7d8b5d3f94678410989dfd3d675ef 0.15.0
20260919104433_RenamePolicyOverrideSignalAddDiscoveryOutcome 325ebe92f885ac37bd1ea9584742c8d32ddfe98a3beee191eb377124d61e3ef4 3cac18ac3692308c4db6fd4d9a64ea99d30e7157b74fe9403806089494a6139e 0.15.0
20260919225949_ProvisionedPasswordsOnTheDeliveryQueue 39892030b459eaafa1e80a809993803846d9ef9ae967073d8aaceab643b77d71 9a2d8c8c892caaf7692c41c7b23567f976ef8801ea9bd97f523b66f213909de5 0.15.0
