{
  "version": 1,
  "dependencies": {
    "net10.0": {
      "Microsoft.EntityFrameworkCore": {
        "type": "Transitive",
        "resolved": "10.0.11",
        "contentHash": "VOSGU8en6HZJs8t7UMFN+9vGcRgVOOn6fA44Ngcg2NyvJ3P1KE94iAb0XzaVaGhXGtt+qaM/VtEn0/hzluQJeg==",
        "dependencies": {
          "Microsoft.EntityFrameworkCore.Abstractions": "10.0.11",
          "Microsoft.EntityFrameworkCore.Analyzers": "10.0.11"
        }
      },
      "Microsoft.EntityFrameworkCore.Abstractions": {
        "type": "Transitive",
        "resolved": "10.0.11",
        "contentHash": "6auJR+9+9VunznKfH7WGrHMrnrmA0F7JZ22EXzwXvVhjfnbu9Xq7NSIWaOf3KJsOanM2qf5ajJ2JR5TlcPZTLA=="
      },
      "Microsoft.EntityFrameworkCore.Analyzers": {
        "type": "Transitive",
        "resolved": "10.0.11",
        "contentHash": "Bv7X4wSSnzCQED9WYXKJ8fwgyvKwf0xZM1GO8xkf6CF9zl+UBnvjxmcPnokJRy0JKjc1SlHSzzhx1HcL4jitTQ=="
      },
      "Serilog": {
        "type": "Transitive",
        "resolved": "4.4.0",
        "contentHash": "ZC6Le3rr4TVJJjS4KsQAesxeF1EhW9qcZmmG7eP5Y2G3+gTGkJEUXkq4+tZNPtyp05I0wWOxnIjwtxFweJsObw=="
      },
      "jim.models": {
        "type": "Project",
        "dependencies": {
          "Microsoft.EntityFrameworkCore": "[10.0.11, )",
          "Serilog": "[4.4.0, )"
        }
      },
      "jim.scim": {
        "type": "Project",
        "dependencies": {
          "JIM.Models": "[0.14.0, )",
          "JIM.Utilities": "[0.14.0, )"
        }
      },
      "jim.utilities": {
        "type": "Project",
        "dependencies": {
          "JIM.Models": "[0.14.0, )",
          "Serilog": "[4.4.0, )"
        }
      }
    }
  }
}