{
  "version": 1,
  "dependencies": {
    "net10.0": {
      "DynamicExpresso.Core": {
        "type": "Direct",
        "requested": "[2.19.3, )",
        "resolved": "2.19.3",
        "contentHash": "84cSMvhcLON2JUQshIvcEAGMtE5rI7FOlcCT0QC42XPZ12A//qDHWKrB5QUfRrQQlDZZZ7TiLAm7mcrywygmpg=="
      },
      "Microsoft.AspNetCore.DataProtection": {
        "type": "Direct",
        "requested": "[10.0.10, )",
        "resolved": "10.0.10",
        "contentHash": "5sfrNrBShTlJeXvWNxjPS7ilLY4H6MICZPMZr/2vjoDoBH5Z8sQYJwbhulqfXh4yIpxIto0TcmOQHOElvpq+iQ==",
        "dependencies": {
          "Microsoft.AspNetCore.Cryptography.Internal": "10.0.10",
          "Microsoft.AspNetCore.DataProtection.Abstractions": "10.0.10",
          "Microsoft.Extensions.DependencyInjection.Abstractions": "10.0.10",
          "Microsoft.Extensions.Hosting.Abstractions": "10.0.10",
          "Microsoft.Extensions.Logging.Abstractions": "10.0.10",
          "Microsoft.Extensions.Options": "10.0.10",
          "System.Security.Cryptography.Xml": "10.0.10"
        }
      },
      "Microsoft.AspNetCore.DataProtection.Extensions": {
        "type": "Direct",
        "requested": "[10.0.10, )",
        "resolved": "10.0.10",
        "contentHash": "DNLmtFLG0SXR5fh1NddYsXJMw1rYs/SQyy8UXcUwqnwPlmbXHFRUNDhPVwpYt9+YEO8TtfZme2POmkFAkS1wRA==",
        "dependencies": {
          "Microsoft.AspNetCore.DataProtection": "10.0.10",
          "Microsoft.Extensions.DependencyInjection": "10.0.10"
        }
      },
      "NCrontab": {
        "type": "Direct",
        "requested": "[3.4.0, )",
        "resolved": "3.4.0",
        "contentHash": "t3okCB6odi64mZvhetBPSR/ejKib3uSnmyCqj8M0mf2S3yFxbDFZLjxfWqcwvmS3zzgXR6LAIi0XlBU4oqxTlg=="
      },
      "Serilog": {
        "type": "Direct",
        "requested": "[4.4.0, )",
        "resolved": "4.4.0",
        "contentHash": "ZC6Le3rr4TVJJjS4KsQAesxeF1EhW9qcZmmG7eP5Y2G3+gTGkJEUXkq4+tZNPtyp05I0wWOxnIjwtxFweJsObw=="
      },
      "System.Security.Cryptography.Xml": {
        "type": "Direct",
        "requested": "[10.0.10, )",
        "resolved": "10.0.10",
        "contentHash": "Mz6Y+s+uMQKj1H2BUF0OhlmaOQkLgSG34/IrUaBDirYBQ6bgwcFvO/XtXWcoDlBLFoFB0uKqDNhybHOd+fQK1A==",
        "dependencies": {
          "System.Security.Cryptography.Pkcs": "10.0.10"
        }
      },
      "CsvHelper": {
        "type": "Transitive",
        "resolved": "33.1.0",
        "contentHash": "kqfTOZGrn7NarNeXgjh86JcpTHUoeQDMB8t9NVa/ZtlSYiV1rxfRnQ49WaJsob4AiGrbK0XDzpyKkBwai4F8eg=="
      },
      "Microsoft.AspNetCore.Cryptography.Internal": {
        "type": "Transitive",
        "resolved": "10.0.10",
        "contentHash": "T/kOT3kAVZU1B0QlpRxASpdbAJ/o5DLFW7bWS6vyE44uMqPmojEcaFENt6ww1xaLH++ZNwsEJ1YUOwPK050lNQ=="
      },
      "Microsoft.AspNetCore.DataProtection.Abstractions": {
        "type": "Transitive",
        "resolved": "10.0.10",
        "contentHash": "q2RNx0N/qrsU+JgbPE78I9pu5ekwguitAFVoeE1NCgxtkUTguvf7oTzBnn42zSQxuugJ4fmj0RSarob8Rvorrg=="
      },
      "Microsoft.Bcl.Cryptography": {
        "type": "Transitive",
        "resolved": "9.0.13",
        "contentHash": "5T+bH3Lb1nEe8Hf/ixMxLmhlrx5wRi53wv7OhVwG2F1ZviW1ejFRS1NHur3uqPpJRGtkQwUchtY6zhVK2R+v+w=="
      },
      "Microsoft.Data.SqlClient": {
        "type": "Transitive",
        "resolved": "7.0.2",
        "contentHash": "zwv76lANFQQI6Gmp6ntkzMWIWVqm8Wf4Mz00AeGCk1n8HCi5afi6bNynSe18uI0xeL0n6J+Myjk9AiIsL5oSqw==",
        "dependencies": {
          "Microsoft.Bcl.Cryptography": "9.0.13",
          "Microsoft.Data.SqlClient.Extensions.Abstractions": "[7.0.2, 8.0.0)",
          "Microsoft.Data.SqlClient.Internal.Logging": "[7.0.2, 8.0.0)",
          "Microsoft.Data.SqlClient.SNI.runtime": "[6.0.2, 7.0.0)",
          "Microsoft.Extensions.Caching.Memory": "9.0.13",
          "Microsoft.IdentityModel.JsonWebTokens": "8.16.0",
          "Microsoft.IdentityModel.Protocols.OpenIdConnect": "8.16.0",
          "Microsoft.SqlServer.Server": "[1.0.0, 2.0.0)",
          "System.Configuration.ConfigurationManager": "9.0.13",
          "System.Security.Cryptography.Pkcs": "9.0.13"
        }
      },
      "Microsoft.Data.SqlClient.Extensions.Abstractions": {
        "type": "Transitive",
        "resolved": "7.0.2",
        "contentHash": "Zx7z61fG2Nc6LdDn4jA7b5Aj1ABrljkOPRE31RvVUdjF6IgbG60leDUhMCafsnWFgaheiK3iqpLe+kbf5Z5L8Q==",
        "dependencies": {
          "Microsoft.Data.SqlClient.Internal.Logging": "[7.0.2, 8.0.0)"
        }
      },
      "Microsoft.Data.SqlClient.Internal.Logging": {
        "type": "Transitive",
        "resolved": "7.0.2",
        "contentHash": "iqgYBbGSVy/DIYWjzmQOa964Kn4rs4wW5vg2IamqVK0fQqfTiILVR5hMK27XWqoyONtAZs+VxH354cPJBtSnbg=="
      },
      "Microsoft.Data.SqlClient.SNI.runtime": {
        "type": "Transitive",
        "resolved": "6.0.2",
        "contentHash": "f+pRODTWX7Y67jXO3T5S2dIPZ9qMJNySjlZT/TKmWVNWe19N8jcWmHaqHnnchaq3gxEKv1SWVY5EFzOD06l41w=="
      },
      "Microsoft.EntityFrameworkCore": {
        "type": "Transitive",
        "resolved": "10.0.10",
        "contentHash": "a0V7zj/VbYP6dTdWpUgE/r2PuLKtUGe2aJ0lVKkn/wP9ZhaxUz2kQydVfvOjCv2SKxlrqdBfHhPD4Cvlf+4ffA==",
        "dependencies": {
          "Microsoft.EntityFrameworkCore.Abstractions": "10.0.10",
          "Microsoft.EntityFrameworkCore.Analyzers": "10.0.10",
          "Microsoft.Extensions.Caching.Memory": "10.0.10",
          "Microsoft.Extensions.Logging": "10.0.10"
        }
      },
      "Microsoft.EntityFrameworkCore.Abstractions": {
        "type": "Transitive",
        "resolved": "10.0.10",
        "contentHash": "bOzrFCl6uZCjaSh2bG1ToRQRdx+iXvxosCg9hFyG9OWeAzOFI4xev9OqKeWfKf/kAHyox2JnbcvLVf2ceA7sqA=="
      },
      "Microsoft.EntityFrameworkCore.Analyzers": {
        "type": "Transitive",
        "resolved": "10.0.10",
        "contentHash": "2gLDordUCGf3aNOOuqtTbP5mxhiP9nk6TnvGiE3RnqT891O+Zf/qKu1PIREubs1M16A0SImr4vULBfU5BTDs1Q=="
      },
      "Microsoft.Extensions.Caching.Abstractions": {
        "type": "Transitive",
        "resolved": "10.0.10",
        "contentHash": "4ZFBNE+jzR+CrWWlhOesnmywCW7pYKT0dxyAQRdL11yJwxe4jvcAu31eorFtEkoFeCDcUTeNssgPv2yaRRptaQ==",
        "dependencies": {
          "Microsoft.Extensions.Primitives": "10.0.10"
        }
      },
      "Microsoft.Extensions.Caching.Memory": {
        "type": "Transitive",
        "resolved": "10.0.10",
        "contentHash": "N1w5H7uK6gCTnCBZAWzE0/EQYSPysij/uYwDqntqBVvBa6bjMmBKitsnEFd6yh/SX3wLm67nO6+OnZ84K+gZWg==",
        "dependencies": {
          "Microsoft.Extensions.Caching.Abstractions": "10.0.10",
          "Microsoft.Extensions.DependencyInjection.Abstractions": "10.0.10",
          "Microsoft.Extensions.Logging.Abstractions": "10.0.10",
          "Microsoft.Extensions.Options": "10.0.10",
          "Microsoft.Extensions.Primitives": "10.0.10"
        }
      },
      "Microsoft.Extensions.Configuration.Abstractions": {
        "type": "Transitive",
        "resolved": "10.0.10",
        "contentHash": "5Vnd2I75DmZCVEjSynIdJ/0EGafgnLQwgR3t2C2/fkjx/nRG+cLwxLLdInoHeCEpkD5K4Ov/g9ZCRYrl4TRsaA==",
        "dependencies": {
          "Microsoft.Extensions.Primitives": "10.0.10"
        }
      },
      "Microsoft.Extensions.DependencyInjection": {
        "type": "Transitive",
        "resolved": "10.0.10",
        "contentHash": "ANyvsgkNBRvcJh2XLgn8veGmajf+8m0AbKK+HPWdRL1yraSNVVSmQhFntLtdz/C795jxqqup+k05cs/3jZQPOA==",
        "dependencies": {
          "Microsoft.Extensions.DependencyInjection.Abstractions": "10.0.10"
        }
      },
      "Microsoft.Extensions.DependencyInjection.Abstractions": {
        "type": "Transitive",
        "resolved": "10.0.10",
        "contentHash": "z/2xXlFw2aLGjHyEm6E0tQ+In6VfzQzTrtArbQ2c0TQE16ZbyDCMGPvaUT9I0s8rgy9sRWlU2P9waW37qV04qA=="
      },
      "Microsoft.Extensions.Diagnostics.Abstractions": {
        "type": "Transitive",
        "resolved": "10.0.10",
        "contentHash": "9uWiKpeOVac355STyChWR/pliFX/5CeLqChW9kKsaxyDH4EUTZxMkT4Jwp/J/peLm0GBFmSX5c0WCse3yCnq1Q==",
        "dependencies": {
          "Microsoft.Extensions.DependencyInjection.Abstractions": "10.0.10",
          "Microsoft.Extensions.Options": "10.0.10"
        }
      },
      "Microsoft.Extensions.FileProviders.Abstractions": {
        "type": "Transitive",
        "resolved": "10.0.10",
        "contentHash": "c5zqFCY9DiIpMovLd7/d/CTiEtrMOuQ639dhv3PABtKQIKNQikSHwQt8+N679uii9q+B55lgK28Uv64FOwEu8w==",
        "dependencies": {
          "Microsoft.Extensions.Primitives": "10.0.10"
        }
      },
      "Microsoft.Extensions.Hosting.Abstractions": {
        "type": "Transitive",
        "resolved": "10.0.10",
        "contentHash": "5LugpYGHk+mkn0a8IZgcyfBca8PCTAU9RQFoMrTdtOOidq88M2SI5f3px6ugnzgxC+eTkvYYJi8pzlUnG5xdAQ==",
        "dependencies": {
          "Microsoft.Extensions.Configuration.Abstractions": "10.0.10",
          "Microsoft.Extensions.DependencyInjection.Abstractions": "10.0.10",
          "Microsoft.Extensions.Diagnostics.Abstractions": "10.0.10",
          "Microsoft.Extensions.FileProviders.Abstractions": "10.0.10",
          "Microsoft.Extensions.Logging.Abstractions": "10.0.10"
        }
      },
      "Microsoft.Extensions.Logging": {
        "type": "Transitive",
        "resolved": "10.0.10",
        "contentHash": "Tf6z5HsL0VDYRTfvsoNrTGHGheCwkTsZBA2FFh5ATJUbkAwug+FFNISJK2gjpUNemlAOoWllAK52HOWCjto3EQ==",
        "dependencies": {
          "Microsoft.Extensions.DependencyInjection": "10.0.10",
          "Microsoft.Extensions.Logging.Abstractions": "10.0.10",
          "Microsoft.Extensions.Options": "10.0.10"
        }
      },
      "Microsoft.Extensions.Logging.Abstractions": {
        "type": "Transitive",
        "resolved": "10.0.10",
        "contentHash": "zkFxGYUvdxAvIKTyXHrmW+Sux53D4SezD9dMyZ6hrwwzPQJNuwCRy1f5W7AvYTqacEGhWF2XderRQG1OvbV8og==",
        "dependencies": {
          "Microsoft.Extensions.DependencyInjection.Abstractions": "10.0.10"
        }
      },
      "Microsoft.Extensions.Options": {
        "type": "Transitive",
        "resolved": "10.0.10",
        "contentHash": "srnhnk7nE8krBiIXp71LvBmKBtraBONWSRzdjJgRv1Ko9Mp8IVNqv4vIS9hGeVteBig8aQkva9ZG+sC+o5sVcA==",
        "dependencies": {
          "Microsoft.Extensions.DependencyInjection.Abstractions": "10.0.10",
          "Microsoft.Extensions.Primitives": "10.0.10"
        }
      },
      "Microsoft.Extensions.Primitives": {
        "type": "Transitive",
        "resolved": "10.0.10",
        "contentHash": "5wu/GrYVd8mG2DVUw3vFJzF+O336TyTGg/Kmcgw9bfwYhCoFiV5lR5QeEmKecJyrW4W54nMfD3p3589E8a7czQ=="
      },
      "Microsoft.IdentityModel.Abstractions": {
        "type": "Transitive",
        "resolved": "8.16.0",
        "contentHash": "gSxKLWRZzBpIsEoeUPkxfywNCCvRvl7hkq146XHPk5vOQc9izSf1I+uL1vh4y2U19QPxd9Z8K/8AdWyxYz2lSg=="
      },
      "Microsoft.IdentityModel.JsonWebTokens": {
        "type": "Transitive",
        "resolved": "8.16.0",
        "contentHash": "prBU72cIP4V8E9fhN+o/YdskTsLeIcnKPbhZf0X6mD7fdxoZqnS/NdEkSr+9Zp+2q7OZBOMfNBKGbTbhXODO4w==",
        "dependencies": {
          "Microsoft.IdentityModel.Tokens": "8.16.0"
        }
      },
      "Microsoft.IdentityModel.Logging": {
        "type": "Transitive",
        "resolved": "8.16.0",
        "contentHash": "MTzXmETkNQPACR7/XCXM1OGM6oU9RkyibqeJRtO9Ndew2LnGjMf9Atqj2VSf4XC27X0FQycUAlzxxEgQMWn2xQ==",
        "dependencies": {
          "Microsoft.IdentityModel.Abstractions": "8.16.0"
        }
      },
      "Microsoft.IdentityModel.Protocols": {
        "type": "Transitive",
        "resolved": "8.16.0",
        "contentHash": "UFrU7d46UTsPQTa2HIEIpB9H1uJe1BW9FLw5uhEJ2ZuKdur8bcUA/bO5caq5dlBt5gNJeRIB3QQXYNs5fCQCZA==",
        "dependencies": {
          "Microsoft.IdentityModel.Tokens": "8.16.0"
        }
      },
      "Microsoft.IdentityModel.Protocols.OpenIdConnect": {
        "type": "Transitive",
        "resolved": "8.16.0",
        "contentHash": "h4yVXyJsEBBX5lg2G5ftMsi5JzcNEGAzrNphA6DQ6eOd8P0s+cDCOyPwVTYLePZvJL5unbPvYIvzrbTXzFjXnQ==",
        "dependencies": {
          "Microsoft.IdentityModel.Protocols": "8.16.0",
          "System.IdentityModel.Tokens.Jwt": "8.16.0"
        }
      },
      "Microsoft.IdentityModel.Tokens": {
        "type": "Transitive",
        "resolved": "8.16.0",
        "contentHash": "rtViGJcGsN7WcfUNErwNeQgjuU5cJNl6FDQsfi9TncwO+Epzn0FTfBsg3YuFW1Q0Ch/KPxaVdjLw3/+5Z5ceFQ==",
        "dependencies": {
          "Microsoft.Extensions.Logging.Abstractions": "10.0.0",
          "Microsoft.IdentityModel.Logging": "8.16.0"
        }
      },
      "Microsoft.SqlServer.Server": {
        "type": "Transitive",
        "resolved": "1.0.0",
        "contentHash": "N4KeF3cpcm1PUHym1RmakkzfkEv3GRMyofVv40uXsQhCQeglr2OHNcUk2WOG51AKpGO8ynGpo9M/kFXSzghwug=="
      },
      "Oracle.ManagedDataAccess.Core": {
        "type": "Transitive",
        "resolved": "23.26.300",
        "contentHash": "5iRUVwLiw2+QgD1gp8ebFuS3xppoig9ogLcnTUfM5DcHEE6A9+Py/XAqZIVknOo9SaDJg+hOOSWZd+H8jgOprg==",
        "dependencies": {
          "System.Diagnostics.PerformanceCounter": "8.0.0",
          "System.DirectoryServices.Protocols": "8.0.2",
          "System.Security.Cryptography.Pkcs": "8.0.1"
        }
      },
      "System.Configuration.ConfigurationManager": {
        "type": "Transitive",
        "resolved": "9.0.13",
        "contentHash": "GbBrJq9S/gYpHzm7Pxx6Y5tDyfSfyxW6tlP5oiKJV38uf19Wp+GIIAnWfyL1zmNiz1+EjwVapw2WkBFvvqKQzg==",
        "dependencies": {
          "System.Diagnostics.EventLog": "9.0.13",
          "System.Security.Cryptography.ProtectedData": "9.0.13"
        }
      },
      "System.Diagnostics.EventLog": {
        "type": "Transitive",
        "resolved": "9.0.13",
        "contentHash": "675Rk4RwaVrWo09wrR2rpDVKixtgtnhd5NhPrn6O21uj92JvE61KTGupn76M2N6Ff/xJjY3SHSfSg0MIanEzGw=="
      },
      "System.Diagnostics.PerformanceCounter": {
        "type": "Transitive",
        "resolved": "8.0.0",
        "contentHash": "lX6DXxtJqVGWw7N/QmVoiCyVQ+Q/Xp+jVXPr3gLK1jJExSn1qmAjJQeb8gnOYeeBTG3E3PmG1nu92eYj/TEjpg==",
        "dependencies": {
          "System.Configuration.ConfigurationManager": "8.0.0"
        }
      },
      "System.DirectoryServices.Protocols": {
        "type": "Transitive",
        "resolved": "10.0.10",
        "contentHash": "VQdfESaky3eXlvEuvtBndmZjOt65g+Ah6/0j39MPgPJ3gkbGuURlTFDRq0Y2uX64z5qVEVe1Ln6B4a06+vIzTQ=="
      },
      "System.IdentityModel.Tokens.Jwt": {
        "type": "Transitive",
        "resolved": "8.16.0",
        "contentHash": "rrs2u7DRMXQG2yh0oVyF/vLwosfRv20Ld2iEpYcKwQWXHjfV+gFXNQsQ9p008kR9Ou4pxBs68Q6/9zC8Gi1wjg==",
        "dependencies": {
          "Microsoft.IdentityModel.JsonWebTokens": "8.16.0",
          "Microsoft.IdentityModel.Tokens": "8.16.0"
        }
      },
      "System.Security.Cryptography.Pkcs": {
        "type": "Transitive",
        "resolved": "10.0.10",
        "contentHash": "KG8t5RHczdgB3IWvRndpI0nE1DSo7ikDYSDbITxfgRFyIvnYiKzuPjaZOsPnwFQ1aOGUl9sEulJul9wlHLEUoA=="
      },
      "System.Security.Cryptography.ProtectedData": {
        "type": "Transitive",
        "resolved": "9.0.13",
        "contentHash": "t8S9IDpjJKsLpLkeBdW8cWtcPyYqrGu93Dej1RO6WwuL/lkFSqWlan3rMJfortqz1mRIh+sys2AFsSA6jWJ3Jg=="
      },
      "jim.connectors": {
        "type": "Project",
        "dependencies": {
          "CsvHelper": "[33.1.0, )",
          "JIM.Models": "[0.14.0, )",
          "JIM.Scim": "[0.14.0, )",
          "JIM.Utilities": "[0.14.0, )",
          "Microsoft.Data.SqlClient": "[7.0.2, )",
          "Oracle.ManagedDataAccess.Core": "[23.26.300, )",
          "System.DirectoryServices.Protocols": "[10.0.10, )"
        }
      },
      "jim.data": {
        "type": "Project",
        "dependencies": {
          "JIM.Models": "[0.14.0, )"
        }
      },
      "jim.models": {
        "type": "Project",
        "dependencies": {
          "Microsoft.EntityFrameworkCore": "[10.0.10, )",
          "Serilog": "[4.4.0, )"
        }
      },
      "jim.scim": {
        "type": "Project",
        "dependencies": {
          "JIM.Models": "[0.14.0, )",
          "JIM.Utilities": "[0.14.0, )"
        }
      },
      "jim.utilities": {
        "type": "Project",
        "dependencies": {
          "JIM.Models": "[0.14.0, )",
          "Serilog": "[4.4.0, )"
        }
      }
    }
  }
}